PODS:
  - HanekeSwift (0.10.1)
  - JMCiBeaconManager (1.0.2)
  - OneSignal (1.13.3)

DEPENDENCIES:
  - HanekeSwift
  - JMCiBeaconManager (from `https://github.com/FelipeNBrito/iBeacon.git`, commit `c21ab0724aa3612b88f0f6ec6a0db0b3e83aa5a0`)
  - OneSignal

EXTERNAL SOURCES:
  JMCiBeaconManager:
    :commit: c21ab0724aa3612b88f0f6ec6a0db0b3e83aa5a0
    :git: https://github.com/FelipeNBrito/iBeacon.git

CHECKOUT OPTIONS:
  JMCiBeaconManager:
    :commit: c21ab0724aa3612b88f0f6ec6a0db0b3e83aa5a0
    :git: https://github.com/FelipeNBrito/iBeacon.git

SPEC CHECKSUMS:
  HanekeSwift: 08e47d3d0f2899ec58e5d257beba0de619aca9e8
  JMCiBeaconManager: cec30b1fb7428c2dc282485d8af25194c49672b9
  OneSignal: 434facae3389cb0d4d3fc57b9a6cf66db685205e

PODFILE CHECKSUM: ef80fbad1baa1a180b3dfedde6245fc6a6cee95f

COCOAPODS: 1.0.0
