// !$*UTF8*$!
{
	archiveVersion = 1;
	classes = {
	};
	objectVersion = 46;
	objects = {

/* Begin PBXBuildFile section */
		0E647B2D1CBF2DDB006DFB68 /* MapData.swift in Sources */ = {isa = PBXBuildFile; fileRef = 0E647B2C1CBF2DDB006DFB68 /* MapData.swift */; };
		0E647B311CBF2E38006DFB68 /* AddAnnotation.swift in Sources */ = {isa = PBXBuildFile; fileRef = 0E647B301CBF2E38006DFB68 /* AddAnnotation.swift */; };
		0E647B331CBF2E67006DFB68 /* AnnotationDetailViewController.swift in Sources */ = {isa = PBXBuildFile; fileRef = 0E647B321CBF2E67006DFB68 /* AnnotationDetailViewController.swift */; };
		0E7A8FE51CC19D150034513C /* AppData.swift in Sources */ = {isa = PBXBuildFile; fileRef = 0E7A8FE41CC19D150034513C /* AppData.swift */; };
		0EBCE1E41CC2E128008CEA2C /* LiveBroadcast.storyboard in Resources */ = {isa = PBXBuildFile; fileRef = 0EBCE1E31CC2E128008CEA2C /* LiveBroadcast.storyboard */; };
		0EBCE1E61CC2E14E008CEA2C /* LiveBroadcastViewController.swift in Sources */ = {isa = PBXBuildFile; fileRef = 0EBCE1E51CC2E14E008CEA2C /* LiveBroadcastViewController.swift */; };
		0ED487731CBD817D007DCC2B /* AboutData.swift in Sources */ = {isa = PBXBuildFile; fileRef = 0ED487721CBD817D007DCC2B /* AboutData.swift */; };
		0EE564CF1CB8331A001678B0 /* MapKit.framework in Frameworks */ = {isa = PBXBuildFile; fileRef = 0EE564CE1CB8331A001678B0 /* MapKit.framework */; };
		0EE564D11CB83E6C001678B0 /* MapView.storyboard in Resources */ = {isa = PBXBuildFile; fileRef = 0EE564D01CB83E6C001678B0 /* MapView.storyboard */; };
		0EE564D51CB845E7001678B0 /* AboutView.storyboard in Resources */ = {isa = PBXBuildFile; fileRef = 0EE564D41CB845E7001678B0 /* AboutView.storyboard */; };
		0EE564D71CB84DC1001678B0 /* AboutViewController.swift in Sources */ = {isa = PBXBuildFile; fileRef = 0EE564D61CB84DC1001678B0 /* AboutViewController.swift */; };
		4F2FBD121CBC5AEC0017A11F /* AttendTableViewController.swift in Sources */ = {isa = PBXBuildFile; fileRef = 4F2FBD111CBC5AEC0017A11F /* AttendTableViewController.swift */; };
		4F2FBD141CBC5C7C0017A11F /* AttendeesCell.swift in Sources */ = {isa = PBXBuildFile; fileRef = 4F2FBD131CBC5C7C0017A11F /* AttendeesCell.swift */; };
		4F3A78DB1CB5AAF500A87EE6 /* Attendees.storyboard in Resources */ = {isa = PBXBuildFile; fileRef = 4F3A78DA1CB5AAF500A87EE6 /* Attendees.storyboard */; };
		4F4590E61CBEC8DE00F51BCE /* AttendeeData.swift in Sources */ = {isa = PBXBuildFile; fileRef = 4F4590E51CBEC8DE00F51BCE /* AttendeeData.swift */; };
		4F4590E81CBEC98F00F51BCE /* AttendeeController.swift in Sources */ = {isa = PBXBuildFile; fileRef = 4F4590E71CBEC98F00F51BCE /* AttendeeController.swift */; };
		4F72CBAE1CC884BA00C30D2B /* DescriptionViewController.swift in Sources */ = {isa = PBXBuildFile; fileRef = 4F72CBAD1CC884BA00C30D2B /* DescriptionViewController.swift */; };
		552E692C1CE284DC0010C3C9 /* NotificationController.swift in Sources */ = {isa = PBXBuildFile; fileRef = 552E692B1CE284DC0010C3C9 /* NotificationController.swift */; };
		552E692F1CE285810010C3C9 /* Notification.swift in Sources */ = {isa = PBXBuildFile; fileRef = 554334291CE27E7500A6001C /* Notification.swift */; };
		552E69301CE285810010C3C9 /* Notification.swift in Sources */ = {isa = PBXBuildFile; fileRef = 554334291CE27E7500A6001C /* Notification.swift */; };
		5543342A1CE27E7500A6001C /* Notification.swift in Sources */ = {isa = PBXBuildFile; fileRef = 554334291CE27E7500A6001C /* Notification.swift */; };
		55450B881CE234EE00A2712E /* Speaker.swift in Sources */ = {isa = PBXBuildFile; fileRef = 55450B871CE234EE00A2712E /* Speaker.swift */; };
		55450B8A1CE23B6E00A2712E /* speakerCell.swift in Sources */ = {isa = PBXBuildFile; fileRef = 55450B891CE23B6E00A2712E /* speakerCell.swift */; };
		5549801C1CE3734200CC6E36 /* NotificationList.swift in Sources */ = {isa = PBXBuildFile; fileRef = 5549801B1CE3734200CC6E36 /* NotificationList.swift */; };
		554980201CE37DCC00CC6E36 /* Notification.storyboard in Resources */ = {isa = PBXBuildFile; fileRef = 5549801F1CE37DCC00CC6E36 /* Notification.storyboard */; };
		554980241CE37EDC00CC6E36 /* NotificationViewController.swift in Sources */ = {isa = PBXBuildFile; fileRef = 554980231CE37EDC00CC6E36 /* NotificationViewController.swift */; };
		554980261CE3871500CC6E36 /* NotificationsCell.swift in Sources */ = {isa = PBXBuildFile; fileRef = 554980251CE3871500CC6E36 /* NotificationsCell.swift */; };
		555A7A661CEFB1460068F58C /* More-25.png in Resources */ = {isa = PBXBuildFile; fileRef = 555A7A651CEFB1460068F58C /* More-25.png */; };
		555A7A681CF33BAF0068F58C /* More-color-25.png in Resources */ = {isa = PBXBuildFile; fileRef = 555A7A671CF33BAF0068F58C /* More-color-25.png */; };
		555A7A6A1CF348580068F58C /* speakerHeaderCell.swift in Sources */ = {isa = PBXBuildFile; fileRef = 555A7A691CF348580068F58C /* speakerHeaderCell.swift */; };
		555A7A6C1CF358040068F58C /* app-data.json in Resources */ = {isa = PBXBuildFile; fileRef = 555A7A6B1CF358040068F58C /* app-data.json */; };
		555A7A701CF35F390068F58C /* Reach.swift in Sources */ = {isa = PBXBuildFile; fileRef = 555A7A6F1CF35F390068F58C /* Reach.swift */; };
		555A7A721CF365FF0068F58C /* NetworkConnection.swift in Sources */ = {isa = PBXBuildFile; fileRef = 555A7A711CF365FF0068F58C /* NetworkConnection.swift */; };
		556F70221CF49DCB00428EB5 /* logo-16.png in Resources */ = {isa = PBXBuildFile; fileRef = 556F70211CF49DCB00428EB5 /* logo-16.png */; };
		5570EEC61CF4AC510033FCDC /* SocialMediaFilled-50.png in Resources */ = {isa = PBXBuildFile; fileRef = 5570EEC51CF4AC510033FCDC /* SocialMediaFilled-50.png */; };
		5570EEC81CF4ACC20033FCDC /* AnnouncementsFilled-50.png in Resources */ = {isa = PBXBuildFile; fileRef = 5570EEC71CF4ACC20033FCDC /* AnnouncementsFilled-50.png */; };
		5570EECA1CF4ACE10033FCDC /* AboutFilled-50.png in Resources */ = {isa = PBXBuildFile; fileRef = 5570EEC91CF4ACE10033FCDC /* AboutFilled-50.png */; };
		5570EECC1CF4AD3F0033FCDC /* LiveBroadcastFilled-50.png in Resources */ = {isa = PBXBuildFile; fileRef = 5570EECB1CF4AD3F0033FCDC /* LiveBroadcastFilled-50.png */; };
		5570EECE1CF4AD8C0033FCDC /* MapMFilled-50.png in Resources */ = {isa = PBXBuildFile; fileRef = 5570EECD1CF4AD8C0033FCDC /* MapMFilled-50.png */; };
		5570EED01CF4AE2B0033FCDC /* WhoFilled-50.png in Resources */ = {isa = PBXBuildFile; fileRef = 5570EECF1CF4AE2B0033FCDC /* WhoFilled-50.png */; };
		5570EED21CF4D5560033FCDC /* SponserUIViewController.swift in Sources */ = {isa = PBXBuildFile; fileRef = 5570EED11CF4D5560033FCDC /* SponserUIViewController.swift */; };
		5570EED61CF4E48A0033FCDC /* Star-50.png in Resources */ = {isa = PBXBuildFile; fileRef = 5570EED51CF4E48A0033FCDC /* Star-50.png */; };
		5570EED81CF4E48F0033FCDC /* StarFilled-50.png in Resources */ = {isa = PBXBuildFile; fileRef = 5570EED71CF4E48F0033FCDC /* StarFilled-50.png */; };
		5570EEDA1CF4EC100033FCDC /* DateEnum.swift in Sources */ = {isa = PBXBuildFile; fileRef = 5570EED91CF4EC100033FCDC /* DateEnum.swift */; };
		5570EEDC1CF4F84F0033FCDC /* header-logo-16.png in Resources */ = {isa = PBXBuildFile; fileRef = 5570EEDB1CF4F84F0033FCDC /* header-logo-16.png */; };
		557D35471CE4BB9A00562A7A /* NotificationList.swift in Sources */ = {isa = PBXBuildFile; fileRef = 5549801B1CE3734200CC6E36 /* NotificationList.swift */; };
		557D35481CE4BB9B00562A7A /* NotificationList.swift in Sources */ = {isa = PBXBuildFile; fileRef = 5549801B1CE3734200CC6E36 /* NotificationList.swift */; };
		557D35491CE4BBA200562A7A /* NotificationController.swift in Sources */ = {isa = PBXBuildFile; fileRef = 552E692B1CE284DC0010C3C9 /* NotificationController.swift */; };
		557D354A1CE4BBA300562A7A /* NotificationController.swift in Sources */ = {isa = PBXBuildFile; fileRef = 552E692B1CE284DC0010C3C9 /* NotificationController.swift */; };
		557D354C1CE4DC8B00562A7A /* MyItenController.swift in Sources */ = {isa = PBXBuildFile; fileRef = 557D354B1CE4DC8B00562A7A /* MyItenController.swift */; };
		557D354E1CE4DDDF00562A7A /* EventList.swift in Sources */ = {isa = PBXBuildFile; fileRef = 557D354D1CE4DDDF00562A7A /* EventList.swift */; };
		55881A9A1CE12729009B8399 /* Location.swift in Sources */ = {isa = PBXBuildFile; fileRef = 55881A991CE12729009B8399 /* Location.swift */; };
		55881A9C1CE129FF009B8399 /* Exhibitor.swift in Sources */ = {isa = PBXBuildFile; fileRef = 55881A9B1CE129FF009B8399 /* Exhibitor.swift */; };
		55881A9E1CE12AD3009B8399 /* Sponser.swift in Sources */ = {isa = PBXBuildFile; fileRef = 55881A9D1CE12AD3009B8399 /* Sponser.swift */; };
		55881AA01CE13506009B8399 /* AttendeeProtocol.swift in Sources */ = {isa = PBXBuildFile; fileRef = 55881A9F1CE13506009B8399 /* AttendeeProtocol.swift */; };
		559F76451CEE3CFB003BE6E6 /* Style.json in Resources */ = {isa = PBXBuildFile; fileRef = 559F76441CEE3CFB003BE6E6 /* Style.json */; };
		559F76471CEE4747003BE6E6 /* MenuCellCollectionViewCell.swift in Sources */ = {isa = PBXBuildFile; fileRef = 559F76461CEE4747003BE6E6 /* MenuCellCollectionViewCell.swift */; };
		559F76491CEE4C9C003BE6E6 /* Settings-25.png in Resources */ = {isa = PBXBuildFile; fileRef = 559F76481CEE4C9C003BE6E6 /* Settings-25.png */; };
		559F764D1CEE58AC003BE6E6 /* logo.png in Resources */ = {isa = PBXBuildFile; fileRef = 559F764C1CEE58AC003BE6E6 /* logo.png */; };
		559F76511CEE5AE0003BE6E6 /* Agenda-50.png in Resources */ = {isa = PBXBuildFile; fileRef = 559F76501CEE5AE0003BE6E6 /* Agenda-50.png */; };
		559F76561CEE5B5F003BE6E6 /* MyIten-50.png in Resources */ = {isa = PBXBuildFile; fileRef = 559F76551CEE5B5F003BE6E6 /* MyIten-50.png */; };
		559F76581CEE5B97003BE6E6 /* SocialMedia-50.png in Resources */ = {isa = PBXBuildFile; fileRef = 559F76571CEE5B97003BE6E6 /* SocialMedia-50.png */; };
		559F765C1CEE5BF0003BE6E6 /* LiveBroadcast-50.png in Resources */ = {isa = PBXBuildFile; fileRef = 559F765B1CEE5BF0003BE6E6 /* LiveBroadcast-50.png */; };
		559F765F1CEE5C46003BE6E6 /* Announcements-50.png in Resources */ = {isa = PBXBuildFile; fileRef = 559F765E1CEE5C46003BE6E6 /* Announcements-50.png */; };
		559F76641CEE5C92003BE6E6 /* Settings-50.png in Resources */ = {isa = PBXBuildFile; fileRef = 559F76631CEE5C92003BE6E6 /* Settings-50.png */; };
		559F76661CEE5CBB003BE6E6 /* About-50.png in Resources */ = {isa = PBXBuildFile; fileRef = 559F76651CEE5CBB003BE6E6 /* About-50.png */; };
		559F76681CEE5D52003BE6E6 /* Who-50.png in Resources */ = {isa = PBXBuildFile; fileRef = 559F76671CEE5D52003BE6E6 /* Who-50.png */; };
		559F766A1CEE5D6F003BE6E6 /* Who-25.png in Resources */ = {isa = PBXBuildFile; fileRef = 559F76691CEE5D6F003BE6E6 /* Who-25.png */; };
		559F766E1CEF42B9003BE6E6 /* data.json in Resources */ = {isa = PBXBuildFile; fileRef = 559F766D1CEF42B9003BE6E6 /* data.json */; };
		559F76701CEF5C36003BE6E6 /* AgendaHeaderTableViewCell.swift in Sources */ = {isa = PBXBuildFile; fileRef = 559F766F1CEF5C36003BE6E6 /* AgendaHeaderTableViewCell.swift */; };
		559F76751CEF5E3C003BE6E6 /* Track.swift in Sources */ = {isa = PBXBuildFile; fileRef = 559F76741CEF5E3C003BE6E6 /* Track.swift */; };
		559F76771CEF6085003BE6E6 /* TrackData.swift in Sources */ = {isa = PBXBuildFile; fileRef = 559F76761CEF6085003BE6E6 /* TrackData.swift */; };
		55DAC3171CE5258400941824 /* PhotoRecord.swift in Sources */ = {isa = PBXBuildFile; fileRef = 55DAC3161CE5258400941824 /* PhotoRecord.swift */; };
		55DAC3191CE526E600941824 /* placeholder.png in Resources */ = {isa = PBXBuildFile; fileRef = 55DAC3181CE526E600941824 /* placeholder.png */; };
		55DAC31B1CE527A100941824 /* PendingOperations.swift in Sources */ = {isa = PBXBuildFile; fileRef = 55DAC31A1CE527A100941824 /* PendingOperations.swift */; };
		55DAC31D1CE528AC00941824 /* ImageDownloader.swift in Sources */ = {isa = PBXBuildFile; fileRef = 55DAC31C1CE528AC00941824 /* ImageDownloader.swift */; };
		55DAC32A1CEA3B9100941824 /* menu-25.png in Resources */ = {isa = PBXBuildFile; fileRef = 55DAC3291CEA3B9100941824 /* menu-25.png */; };
		55DAC3311CEA493D00941824 /* youtube.png in Resources */ = {isa = PBXBuildFile; fileRef = 55DAC3301CEA493D00941824 /* youtube.png */; };
		55DAC3351CEA497E00941824 /* web.png in Resources */ = {isa = PBXBuildFile; fileRef = 55DAC3341CEA497E00941824 /* web.png */; };
		55DAC3391CEA4B8100941824 /* email.png in Resources */ = {isa = PBXBuildFile; fileRef = 55DAC3381CEA4B8100941824 /* email.png */; };
		55DAC34C1CEB51FC00941824 /* MapM-50.png in Resources */ = {isa = PBXBuildFile; fileRef = 55DAC34B1CEB51FC00941824 /* MapM-50.png */; };
		55DAC3521CEB532300941824 /* MapM-25.png in Resources */ = {isa = PBXBuildFile; fileRef = 55DAC3511CEB532300941824 /* MapM-25.png */; };
		55DAC3541CEB53F300941824 /* SocialMedia-25.png in Resources */ = {isa = PBXBuildFile; fileRef = 55DAC3531CEB53F300941824 /* SocialMedia-25.png */; };
		55DAC3561CEB547000941824 /* MyIten-25.png in Resources */ = {isa = PBXBuildFile; fileRef = 55DAC3551CEB547000941824 /* MyIten-25.png */; };
		55DAC3581CEB54D500941824 /* LiveBroadcast-25.png in Resources */ = {isa = PBXBuildFile; fileRef = 55DAC3571CEB54D500941824 /* LiveBroadcast-25.png */; };
		55DAC35A1CEB550700941824 /* Announcements-25.png in Resources */ = {isa = PBXBuildFile; fileRef = 55DAC3591CEB550700941824 /* Announcements-25.png */; };
		55DAC3601CEB56BF00941824 /* Star-25.png in Resources */ = {isa = PBXBuildFile; fileRef = 55DAC35F1CEB56BF00941824 /* Star-25.png */; };
		55DAC3621CEB578700941824 /* StarFilled-25.png in Resources */ = {isa = PBXBuildFile; fileRef = 55DAC3611CEB578700941824 /* StarFilled-25.png */; };
		55DAC3671CEB711800941824 /* SpeakerViewController.swift in Sources */ = {isa = PBXBuildFile; fileRef = 55DAC3661CEB711800941824 /* SpeakerViewController.swift */; };
		55DAC3691CEBA12800941824 /* Facebook-25.png in Resources */ = {isa = PBXBuildFile; fileRef = 55DAC3681CEBA12800941824 /* Facebook-25.png */; };
		55DAC36B1CEBA27200941824 /* Facebook-50.png in Resources */ = {isa = PBXBuildFile; fileRef = 55DAC36A1CEBA27200941824 /* Facebook-50.png */; };
		55DAC36D1CEBA36700941824 /* SocialMediaCell.swift in Sources */ = {isa = PBXBuildFile; fileRef = 55DAC36C1CEBA36700941824 /* SocialMediaCell.swift */; };
		55DAC36F1CEBA8AC00941824 /* Twitter-50.png in Resources */ = {isa = PBXBuildFile; fileRef = 55DAC36E1CEBA8AC00941824 /* Twitter-50.png */; };
		55DAC3731CEBA96E00941824 /* YouTube-50.png in Resources */ = {isa = PBXBuildFile; fileRef = 55DAC3721CEBA96E00941824 /* YouTube-50.png */; };
		55DAC3751CEBAA0000941824 /* Instagram-50.png in Resources */ = {isa = PBXBuildFile; fileRef = 55DAC3741CEBAA0000941824 /* Instagram-50.png */; };
		55DAC3771CEBAA8600941824 /* Google-50.png in Resources */ = {isa = PBXBuildFile; fileRef = 55DAC3761CEBAA8600941824 /* Google-50.png */; };
		55DAC3791CEBAACF00941824 /* LinkedIn-50.png in Resources */ = {isa = PBXBuildFile; fileRef = 55DAC3781CEBAACF00941824 /* LinkedIn-50.png */; };
		55DAC37B1CEBAB3E00941824 /* Web-50.png in Resources */ = {isa = PBXBuildFile; fileRef = 55DAC37A1CEBAB3E00941824 /* Web-50.png */; };
		55DAC37D1CEBAB6900941824 /* Email-50.png in Resources */ = {isa = PBXBuildFile; fileRef = 55DAC37C1CEBAB6900941824 /* Email-50.png */; };
		55DAC37F1CEBAEDD00941824 /* SocialMedia.swift in Sources */ = {isa = PBXBuildFile; fileRef = 55DAC37E1CEBAEDD00941824 /* SocialMedia.swift */; };
		55DAC3811CEBC77A00941824 /* About.swift in Sources */ = {isa = PBXBuildFile; fileRef = 55DAC3801CEBC77A00941824 /* About.swift */; };
		55DAC3831CECAD8200941824 /* MasterViewController2.swift in Sources */ = {isa = PBXBuildFile; fileRef = 55DAC3821CECAD8200941824 /* MasterViewController2.swift */; };
		55DAC3851CECFD7200941824 /* Email-25.png in Resources */ = {isa = PBXBuildFile; fileRef = 55DAC3841CECFD7200941824 /* Email-25.png */; };
		55DAC3871CECFDC600941824 /* Web-25.png in Resources */ = {isa = PBXBuildFile; fileRef = 55DAC3861CECFDC600941824 /* Web-25.png */; };
		55DAC3891CECFDF200941824 /* LinkedIn-25.png in Resources */ = {isa = PBXBuildFile; fileRef = 55DAC3881CECFDF200941824 /* LinkedIn-25.png */; };
		55DAC38F1CEDFC4D00941824 /* ShareButton.swift in Sources */ = {isa = PBXBuildFile; fileRef = 55DAC38E1CEDFC4D00941824 /* ShareButton.swift */; };
		55DAC3921CEDFEE100941824 /* ItenWiredStyle.swift in Sources */ = {isa = PBXBuildFile; fileRef = 55DAC3911CEDFEE100941824 /* ItenWiredStyle.swift */; };
		55DAC3961CEE17F700941824 /* Agenda-25.png in Resources */ = {isa = PBXBuildFile; fileRef = 55DAC3951CEE17F700941824 /* Agenda-25.png */; };
		55DAC3981CEE19AC00941824 /* About-25.png in Resources */ = {isa = PBXBuildFile; fileRef = 55DAC3971CEE19AC00941824 /* About-25.png */; };
		55E5A0D51CF4A25200144CD6 /* MapM-50-2.png in Resources */ = {isa = PBXBuildFile; fileRef = 55E5A0D41CF4A25200144CD6 /* MapM-50-2.png */; };
		55E5A0D71CF4A39700144CD6 /* Agenda-50-2.png in Resources */ = {isa = PBXBuildFile; fileRef = 55E5A0D61CF4A39700144CD6 /* Agenda-50-2.png */; };
		55E5A0D91CF4A69900144CD6 /* AgendaFilled-50.png in Resources */ = {isa = PBXBuildFile; fileRef = 55E5A0D81CF4A69900144CD6 /* AgendaFilled-50.png */; };
		55E5A0DD1CF4A89E00144CD6 /* MyItenFilled-50.png in Resources */ = {isa = PBXBuildFile; fileRef = 55E5A0DC1CF4A89E00144CD6 /* MyItenFilled-50.png */; };
		55FEE2071CF500250019F48D /* MIBadgeButton.swift in Sources */ = {isa = PBXBuildFile; fileRef = 55FEE2061CF500250019F48D /* MIBadgeButton.swift */; };
		55FEE2091CF5EA4C0019F48D /* MapMFilled-50-color.png in Resources */ = {isa = PBXBuildFile; fileRef = 55FEE2081CF5EA4C0019F48D /* MapMFilled-50-color.png */; };
		55FEE20B1CF5FF8D0019F48D /* MenuItem.swift in Sources */ = {isa = PBXBuildFile; fileRef = 55FEE20A1CF5FF8D0019F48D /* MenuItem.swift */; };
		55FEE20D1CF601FD0019F48D /* Settings-50-color.png in Resources */ = {isa = PBXBuildFile; fileRef = 55FEE20C1CF601FD0019F48D /* Settings-50-color.png */; };
		55FEE20F1CF6024B0019F48D /* AnnouncementsFilled-50-color.png in Resources */ = {isa = PBXBuildFile; fileRef = 55FEE20E1CF6024B0019F48D /* AnnouncementsFilled-50-color.png */; };
		55FEE2111CF6026B0019F48D /* AboutFilled-50-color.png in Resources */ = {isa = PBXBuildFile; fileRef = 55FEE2101CF6026B0019F48D /* AboutFilled-50-color.png */; };
		55FEE2131CF6028B0019F48D /* WhoFilled-50-color.png in Resources */ = {isa = PBXBuildFile; fileRef = 55FEE2121CF6028B0019F48D /* WhoFilled-50-color.png */; };
		55FEE2151CF602B80019F48D /* LiveBroadcastFilled-50-color.png in Resources */ = {isa = PBXBuildFile; fileRef = 55FEE2141CF602B80019F48D /* LiveBroadcastFilled-50-color.png */; };
		55FEE2171CF602ED0019F48D /* SocialMediaFilled-50-color.png in Resources */ = {isa = PBXBuildFile; fileRef = 55FEE2161CF602ED0019F48D /* SocialMediaFilled-50-color.png */; };
		55FEE2191CF603110019F48D /* MyItenFilled-50-color.png in Resources */ = {isa = PBXBuildFile; fileRef = 55FEE2181CF603110019F48D /* MyItenFilled-50-color.png */; };
		55FEE21B1CF6033C0019F48D /* AgendaFilled-50-color.png in Resources */ = {isa = PBXBuildFile; fileRef = 55FEE21A1CF6033C0019F48D /* AgendaFilled-50-color.png */; };
		55FEE21D1CF606680019F48D /* SCLAlertView.swift in Sources */ = {isa = PBXBuildFile; fileRef = 55FEE21C1CF606680019F48D /* SCLAlertView.swift */; };
		55FEE21F1CF606D10019F48D /* SCLExtensions.swift in Sources */ = {isa = PBXBuildFile; fileRef = 55FEE21E1CF606D10019F48D /* SCLExtensions.swift */; };
		55FEE2231CF763400019F48D /* Twitter.swift in Sources */ = {isa = PBXBuildFile; fileRef = 55FEE2221CF763400019F48D /* Twitter.swift */; };
		55FEE2261CF764280019F48D /* TwitterCell.swift in Sources */ = {isa = PBXBuildFile; fileRef = 55FEE2251CF764280019F48D /* TwitterCell.swift */; };
		55FEE2281CF764BD0019F48D /* TwitterController.swift in Sources */ = {isa = PBXBuildFile; fileRef = 55FEE2271CF764BD0019F48D /* TwitterController.swift */; };
		55FEE22B1CF7654E0019F48D /* TwitterUser.swift in Sources */ = {isa = PBXBuildFile; fileRef = 55FEE22A1CF7654E0019F48D /* TwitterUser.swift */; };
		55FEE22D1CF765C00019F48D /* TwitterViewController.swift in Sources */ = {isa = PBXBuildFile; fileRef = 55FEE22C1CF765C00019F48D /* TwitterViewController.swift */; };
		55FEE22F1CF785A80019F48D /* FBSDKCoreKit.framework in Frameworks */ = {isa = PBXBuildFile; fileRef = 55FEE22E1CF785A80019F48D /* FBSDKCoreKit.framework */; };
		55FEE2331CF787730019F48D /* FacebookController.swift in Sources */ = {isa = PBXBuildFile; fileRef = 55FEE2321CF787730019F48D /* FacebookController.swift */; };
		55FEE2351CF789460019F48D /* FBSDKLoginKit.framework in Frameworks */ = {isa = PBXBuildFile; fileRef = 55FEE2341CF789460019F48D /* FBSDKLoginKit.framework */; };
		71187E357A0B10911141570F /* libPods-Conference App.a in Frameworks */ = {isa = PBXBuildFile; fileRef = 536FFA7F7B5205E260F0C4BA /* libPods-Conference App.a */; settings = {ATTRIBUTES = (Required, ); }; };
		827BA99F1CC2E44B003085BA /* Social.framework in Frameworks */ = {isa = PBXBuildFile; fileRef = 827BA99E1CC2E44B003085BA /* Social.framework */; };
		827BA9A11CC2E464003085BA /* SocialMedia.storyboard in Resources */ = {isa = PBXBuildFile; fileRef = 827BA9A01CC2E464003085BA /* SocialMedia.storyboard */; };
		827BA9A31CC2E48F003085BA /* SocialMediaViewController.swift in Sources */ = {isa = PBXBuildFile; fileRef = 827BA9A21CC2E48F003085BA /* SocialMediaViewController.swift */; };
		892079D41CC9A05F008C1CAC /* SocialMediaData.swift in Sources */ = {isa = PBXBuildFile; fileRef = 892079D31CC9A05F008C1CAC /* SocialMediaData.swift */; };
		A123500E1CB945F300B1233E /* AgendaViewController.swift in Sources */ = {isa = PBXBuildFile; fileRef = A123500D1CB945F300B1233E /* AgendaViewController.swift */; };
		A12350181CB9500400B1233E /* ItineraryStoryboard.storyboard in Resources */ = {isa = PBXBuildFile; fileRef = A12350161CB9500400B1233E /* ItineraryStoryboard.storyboard */; };
		A12350191CB9500400B1233E /* ItineraryViewController.swift in Sources */ = {isa = PBXBuildFile; fileRef = A12350171CB9500400B1233E /* ItineraryViewController.swift */; };
		D4C467CA1CB84BA000BD6157 /* AgendaDataLoader.swift in Sources */ = {isa = PBXBuildFile; fileRef = D4C467C41CB84BA000BD6157 /* AgendaDataLoader.swift */; };
		D4C467CB1CB84BA000BD6157 /* Agenda.swift in Sources */ = {isa = PBXBuildFile; fileRef = D4C467C51CB84BA000BD6157 /* Agenda.swift */; };
		D4C467CC1CB84BA000BD6157 /* AgendaController.swift in Sources */ = {isa = PBXBuildFile; fileRef = D4C467C61CB84BA000BD6157 /* AgendaController.swift */; };
		D4C467D01CB84D9700BD6157 /* AgendaMain.storyboard in Resources */ = {isa = PBXBuildFile; fileRef = D4C467CF1CB84D9700BD6157 /* AgendaMain.storyboard */; };
		FE0E76C51CC9D0920027CEDD /* blank-image.png in Resources */ = {isa = PBXBuildFile; fileRef = FE0E76C41CC9D0910027CEDD /* blank-image.png */; };
		FE2623A21CAEFA940074C58F /* AppDelegate.swift in Sources */ = {isa = PBXBuildFile; fileRef = FE2623A11CAEFA940074C58F /* AppDelegate.swift */; };
		FE2623A51CAEFA940074C58F /* Conference_App.xcdatamodeld in Sources */ = {isa = PBXBuildFile; fileRef = FE2623A31CAEFA940074C58F /* Conference_App.xcdatamodeld */; };
		FE2623A91CAEFA940074C58F /* DetailViewController.swift in Sources */ = {isa = PBXBuildFile; fileRef = FE2623A81CAEFA940074C58F /* DetailViewController.swift */; };
		FE2623AC1CAEFA940074C58F /* Main.storyboard in Resources */ = {isa = PBXBuildFile; fileRef = FE2623AA1CAEFA940074C58F /* Main.storyboard */; };
		FE2623AE1CAEFA940074C58F /* Assets.xcassets in Resources */ = {isa = PBXBuildFile; fileRef = FE2623AD1CAEFA940074C58F /* Assets.xcassets */; };
		FE2623B11CAEFA940074C58F /* LaunchScreen.storyboard in Resources */ = {isa = PBXBuildFile; fileRef = FE2623AF1CAEFA940074C58F /* LaunchScreen.storyboard */; };
		FE2623BC1CAEFA940074C58F /* Conference_AppTests.swift in Sources */ = {isa = PBXBuildFile; fileRef = FE2623BB1CAEFA940074C58F /* Conference_AppTests.swift */; };
		FE2623C71CAEFA940074C58F /* Conference_AppUITests.swift in Sources */ = {isa = PBXBuildFile; fileRef = FE2623C61CAEFA940074C58F /* Conference_AppUITests.swift */; };
		FEF7E0C51CB852A8002A810B /* EventViewController.swift in Sources */ = {isa = PBXBuildFile; fileRef = D4C467C31CB84BA000BD6157 /* EventViewController.swift */; };
		FEF7E0C61CB852B1002A810B /* Event.swift in Sources */ = {isa = PBXBuildFile; fileRef = D4C467C71CB84BA000BD6157 /* Event.swift */; };
		FEF7E0C71CB852B5002A810B /* EventCell.swift in Sources */ = {isa = PBXBuildFile; fileRef = D4C467C81CB84BA000BD6157 /* EventCell.swift */; };
		FEF7E0CB1CB858E3002A810B /* MapViewController.swift in Sources */ = {isa = PBXBuildFile; fileRef = 0EE564D21CB83E9A001678B0 /* MapViewController.swift */; };
/* End PBXBuildFile section */

/* Begin PBXContainerItemProxy section */
		FE2623B81CAEFA940074C58F /* PBXContainerItemProxy */ = {
			isa = PBXContainerItemProxy;
			containerPortal = FE2623961CAEFA940074C58F /* Project object */;
			proxyType = 1;
			remoteGlobalIDString = FE26239D1CAEFA940074C58F;
			remoteInfo = "Conference App";
		};
		FE2623C31CAEFA940074C58F /* PBXContainerItemProxy */ = {
			isa = PBXContainerItemProxy;
			containerPortal = FE2623961CAEFA940074C58F /* Project object */;
			proxyType = 1;
			remoteGlobalIDString = FE26239D1CAEFA940074C58F;
			remoteInfo = "Conference App";
		};
/* End PBXContainerItemProxy section */

/* Begin PBXFileReference section */
		0E647B2C1CBF2DDB006DFB68 /* MapData.swift */ = {isa = PBXFileReference; fileEncoding = 4; lastKnownFileType = sourcecode.swift; path = MapData.swift; sourceTree = "<group>"; };
		0E647B301CBF2E38006DFB68 /* AddAnnotation.swift */ = {isa = PBXFileReference; fileEncoding = 4; lastKnownFileType = sourcecode.swift; path = AddAnnotation.swift; sourceTree = "<group>"; };
		0E647B321CBF2E67006DFB68 /* AnnotationDetailViewController.swift */ = {isa = PBXFileReference; fileEncoding = 4; lastKnownFileType = sourcecode.swift; path = AnnotationDetailViewController.swift; sourceTree = "<group>"; };
		0E7A8FE41CC19D150034513C /* AppData.swift */ = {isa = PBXFileReference; fileEncoding = 4; lastKnownFileType = sourcecode.swift; path = AppData.swift; sourceTree = "<group>"; };
		0EBCE1E31CC2E128008CEA2C /* LiveBroadcast.storyboard */ = {isa = PBXFileReference; fileEncoding = 4; lastKnownFileType = file.storyboard; path = LiveBroadcast.storyboard; sourceTree = "<group>"; };
		0EBCE1E51CC2E14E008CEA2C /* LiveBroadcastViewController.swift */ = {isa = PBXFileReference; fileEncoding = 4; lastKnownFileType = sourcecode.swift; path = LiveBroadcastViewController.swift; sourceTree = "<group>"; };
		0ED487721CBD817D007DCC2B /* AboutData.swift */ = {isa = PBXFileReference; fileEncoding = 4; lastKnownFileType = sourcecode.swift; path = AboutData.swift; sourceTree = "<group>"; };
		0EE564CE1CB8331A001678B0 /* MapKit.framework */ = {isa = PBXFileReference; lastKnownFileType = wrapper.framework; name = MapKit.framework; path = System/Library/Frameworks/MapKit.framework; sourceTree = SDKROOT; };
		0EE564D01CB83E6C001678B0 /* MapView.storyboard */ = {isa = PBXFileReference; fileEncoding = 4; lastKnownFileType = file.storyboard; path = MapView.storyboard; sourceTree = "<group>"; };
		0EE564D21CB83E9A001678B0 /* MapViewController.swift */ = {isa = PBXFileReference; fileEncoding = 4; lastKnownFileType = sourcecode.swift; path = MapViewController.swift; sourceTree = "<group>"; };
		0EE564D41CB845E7001678B0 /* AboutView.storyboard */ = {isa = PBXFileReference; fileEncoding = 4; lastKnownFileType = file.storyboard; path = AboutView.storyboard; sourceTree = "<group>"; };
		0EE564D61CB84DC1001678B0 /* AboutViewController.swift */ = {isa = PBXFileReference; fileEncoding = 4; lastKnownFileType = sourcecode.swift; path = AboutViewController.swift; sourceTree = "<group>"; };
		34F3630C96D4FC35912B1A71 /* Pods-Conference App.debug.xcconfig */ = {isa = PBXFileReference; includeInIndex = 1; lastKnownFileType = text.xcconfig; name = "Pods-Conference App.debug.xcconfig"; path = "Pods/Target Support Files/Pods-Conference App/Pods-Conference App.debug.xcconfig"; sourceTree = "<group>"; };
		4F2FBD111CBC5AEC0017A11F /* AttendTableViewController.swift */ = {isa = PBXFileReference; fileEncoding = 4; lastKnownFileType = sourcecode.swift; path = AttendTableViewController.swift; sourceTree = "<group>"; };
		4F2FBD131CBC5C7C0017A11F /* AttendeesCell.swift */ = {isa = PBXFileReference; fileEncoding = 4; lastKnownFileType = sourcecode.swift; path = AttendeesCell.swift; sourceTree = "<group>"; };
		4F3A78DA1CB5AAF500A87EE6 /* Attendees.storyboard */ = {isa = PBXFileReference; fileEncoding = 4; lastKnownFileType = file.storyboard; path = Attendees.storyboard; sourceTree = "<group>"; };
		4F4590E51CBEC8DE00F51BCE /* AttendeeData.swift */ = {isa = PBXFileReference; fileEncoding = 4; lastKnownFileType = sourcecode.swift; path = AttendeeData.swift; sourceTree = "<group>"; };
		4F4590E71CBEC98F00F51BCE /* AttendeeController.swift */ = {isa = PBXFileReference; fileEncoding = 4; lastKnownFileType = sourcecode.swift; path = AttendeeController.swift; sourceTree = "<group>"; };
		4F72CBAD1CC884BA00C30D2B /* DescriptionViewController.swift */ = {isa = PBXFileReference; fileEncoding = 4; lastKnownFileType = sourcecode.swift; path = DescriptionViewController.swift; sourceTree = "<group>"; };
		536FFA7F7B5205E260F0C4BA /* libPods-Conference App.a */ = {isa = PBXFileReference; explicitFileType = archive.ar; includeInIndex = 0; path = "libPods-Conference App.a"; sourceTree = BUILT_PRODUCTS_DIR; };
		551604F11CE2720F00D46D2B /* Conference App-Bridging-Header.h */ = {isa = PBXFileReference; fileEncoding = 4; lastKnownFileType = sourcecode.c.h; path = "Conference App-Bridging-Header.h"; sourceTree = SOURCE_ROOT; };
		552E692B1CE284DC0010C3C9 /* NotificationController.swift */ = {isa = PBXFileReference; fileEncoding = 4; lastKnownFileType = sourcecode.swift; path = NotificationController.swift; sourceTree = "<group>"; };
		554334291CE27E7500A6001C /* Notification.swift */ = {isa = PBXFileReference; fileEncoding = 4; lastKnownFileType = sourcecode.swift; path = Notification.swift; sourceTree = "<group>"; };
		55450B871CE234EE00A2712E /* Speaker.swift */ = {isa = PBXFileReference; fileEncoding = 4; lastKnownFileType = sourcecode.swift; path = Speaker.swift; sourceTree = "<group>"; };
		55450B891CE23B6E00A2712E /* speakerCell.swift */ = {isa = PBXFileReference; fileEncoding = 4; lastKnownFileType = sourcecode.swift; path = speakerCell.swift; sourceTree = "<group>"; };
		5549801B1CE3734200CC6E36 /* NotificationList.swift */ = {isa = PBXFileReference; fileEncoding = 4; lastKnownFileType = sourcecode.swift; path = NotificationList.swift; sourceTree = "<group>"; };
		5549801F1CE37DCC00CC6E36 /* Notification.storyboard */ = {isa = PBXFileReference; fileEncoding = 4; lastKnownFileType = file.storyboard; path = Notification.storyboard; sourceTree = "<group>"; };
		554980231CE37EDC00CC6E36 /* NotificationViewController.swift */ = {isa = PBXFileReference; fileEncoding = 4; lastKnownFileType = sourcecode.swift; path = NotificationViewController.swift; sourceTree = "<group>"; };
		554980251CE3871500CC6E36 /* NotificationsCell.swift */ = {isa = PBXFileReference; fileEncoding = 4; lastKnownFileType = sourcecode.swift; path = NotificationsCell.swift; sourceTree = "<group>"; };
		555A7A651CEFB1460068F58C /* More-25.png */ = {isa = PBXFileReference; lastKnownFileType = image.png; path = "More-25.png"; sourceTree = "<group>"; };
		555A7A671CF33BAF0068F58C /* More-color-25.png */ = {isa = PBXFileReference; lastKnownFileType = image.png; path = "More-color-25.png"; sourceTree = "<group>"; };
		555A7A691CF348580068F58C /* speakerHeaderCell.swift */ = {isa = PBXFileReference; fileEncoding = 4; lastKnownFileType = sourcecode.swift; path = speakerHeaderCell.swift; sourceTree = "<group>"; };
		555A7A6B1CF358040068F58C /* app-data.json */ = {isa = PBXFileReference; fileEncoding = 4; lastKnownFileType = text.json; name = "app-data.json"; path = "../app-data.json"; sourceTree = "<group>"; };
		555A7A6F1CF35F390068F58C /* Reach.swift */ = {isa = PBXFileReference; fileEncoding = 4; lastKnownFileType = sourcecode.swift; path = Reach.swift; sourceTree = "<group>"; };
		555A7A711CF365FF0068F58C /* NetworkConnection.swift */ = {isa = PBXFileReference; fileEncoding = 4; lastKnownFileType = sourcecode.swift; path = NetworkConnection.swift; sourceTree = "<group>"; };
		556F70211CF49DCB00428EB5 /* logo-16.png */ = {isa = PBXFileReference; lastKnownFileType = image.png; path = "logo-16.png"; sourceTree = "<group>"; };
		5570EEC51CF4AC510033FCDC /* SocialMediaFilled-50.png */ = {isa = PBXFileReference; lastKnownFileType = image.png; path = "SocialMediaFilled-50.png"; sourceTree = "<group>"; };
		5570EEC71CF4ACC20033FCDC /* AnnouncementsFilled-50.png */ = {isa = PBXFileReference; lastKnownFileType = image.png; path = "AnnouncementsFilled-50.png"; sourceTree = "<group>"; };
		5570EEC91CF4ACE10033FCDC /* AboutFilled-50.png */ = {isa = PBXFileReference; lastKnownFileType = image.png; path = "AboutFilled-50.png"; sourceTree = "<group>"; };
		5570EECB1CF4AD3F0033FCDC /* LiveBroadcastFilled-50.png */ = {isa = PBXFileReference; lastKnownFileType = image.png; path = "LiveBroadcastFilled-50.png"; sourceTree = "<group>"; };
		5570EECD1CF4AD8C0033FCDC /* MapMFilled-50.png */ = {isa = PBXFileReference; lastKnownFileType = image.png; path = "MapMFilled-50.png"; sourceTree = "<group>"; };
		5570EECF1CF4AE2B0033FCDC /* WhoFilled-50.png */ = {isa = PBXFileReference; lastKnownFileType = image.png; path = "WhoFilled-50.png"; sourceTree = "<group>"; };
		5570EED11CF4D5560033FCDC /* SponserUIViewController.swift */ = {isa = PBXFileReference; fileEncoding = 4; lastKnownFileType = sourcecode.swift; path = SponserUIViewController.swift; sourceTree = "<group>"; };
		5570EED51CF4E48A0033FCDC /* Star-50.png */ = {isa = PBXFileReference; lastKnownFileType = image.png; path = "Star-50.png"; sourceTree = "<group>"; };
		5570EED71CF4E48F0033FCDC /* StarFilled-50.png */ = {isa = PBXFileReference; lastKnownFileType = image.png; path = "StarFilled-50.png"; sourceTree = "<group>"; };
		5570EED91CF4EC100033FCDC /* DateEnum.swift */ = {isa = PBXFileReference; fileEncoding = 4; lastKnownFileType = sourcecode.swift; path = DateEnum.swift; sourceTree = "<group>"; };
		5570EEDB1CF4F84F0033FCDC /* header-logo-16.png */ = {isa = PBXFileReference; lastKnownFileType = image.png; path = "header-logo-16.png"; sourceTree = "<group>"; };
		557D354B1CE4DC8B00562A7A /* MyItenController.swift */ = {isa = PBXFileReference; fileEncoding = 4; lastKnownFileType = sourcecode.swift; path = MyItenController.swift; sourceTree = "<group>"; };
		557D354D1CE4DDDF00562A7A /* EventList.swift */ = {isa = PBXFileReference; fileEncoding = 4; lastKnownFileType = sourcecode.swift; path = EventList.swift; sourceTree = "<group>"; };
		55881A991CE12729009B8399 /* Location.swift */ = {isa = PBXFileReference; fileEncoding = 4; lastKnownFileType = sourcecode.swift; path = Location.swift; sourceTree = "<group>"; };
		55881A9B1CE129FF009B8399 /* Exhibitor.swift */ = {isa = PBXFileReference; fileEncoding = 4; lastKnownFileType = sourcecode.swift; path = Exhibitor.swift; sourceTree = "<group>"; };
		55881A9D1CE12AD3009B8399 /* Sponser.swift */ = {isa = PBXFileReference; fileEncoding = 4; lastKnownFileType = sourcecode.swift; path = Sponser.swift; sourceTree = "<group>"; };
		55881A9F1CE13506009B8399 /* AttendeeProtocol.swift */ = {isa = PBXFileReference; fileEncoding = 4; lastKnownFileType = sourcecode.swift; path = AttendeeProtocol.swift; sourceTree = "<group>"; };
		559F76441CEE3CFB003BE6E6 /* Style.json */ = {isa = PBXFileReference; fileEncoding = 4; lastKnownFileType = text.json; path = Style.json; sourceTree = "<group>"; };
		559F76461CEE4747003BE6E6 /* MenuCellCollectionViewCell.swift */ = {isa = PBXFileReference; fileEncoding = 4; lastKnownFileType = sourcecode.swift; path = MenuCellCollectionViewCell.swift; sourceTree = "<group>"; };
		559F76481CEE4C9C003BE6E6 /* Settings-25.png */ = {isa = PBXFileReference; lastKnownFileType = image.png; path = "Settings-25.png"; sourceTree = "<group>"; };
		559F764C1CEE58AC003BE6E6 /* logo.png */ = {isa = PBXFileReference; lastKnownFileType = image.png; path = logo.png; sourceTree = "<group>"; };
		559F76501CEE5AE0003BE6E6 /* Agenda-50.png */ = {isa = PBXFileReference; lastKnownFileType = image.png; path = "Agenda-50.png"; sourceTree = "<group>"; };
		559F76551CEE5B5F003BE6E6 /* MyIten-50.png */ = {isa = PBXFileReference; lastKnownFileType = image.png; path = "MyIten-50.png"; sourceTree = "<group>"; };
		559F76571CEE5B97003BE6E6 /* SocialMedia-50.png */ = {isa = PBXFileReference; lastKnownFileType = image.png; path = "SocialMedia-50.png"; sourceTree = "<group>"; };
		559F765B1CEE5BF0003BE6E6 /* LiveBroadcast-50.png */ = {isa = PBXFileReference; lastKnownFileType = image.png; path = "LiveBroadcast-50.png"; sourceTree = "<group>"; };
		559F765E1CEE5C46003BE6E6 /* Announcements-50.png */ = {isa = PBXFileReference; lastKnownFileType = image.png; path = "Announcements-50.png"; sourceTree = "<group>"; };
		559F76631CEE5C92003BE6E6 /* Settings-50.png */ = {isa = PBXFileReference; lastKnownFileType = image.png; path = "Settings-50.png"; sourceTree = "<group>"; };
		559F76651CEE5CBB003BE6E6 /* About-50.png */ = {isa = PBXFileReference; lastKnownFileType = image.png; path = "About-50.png"; sourceTree = "<group>"; };
		559F76671CEE5D52003BE6E6 /* Who-50.png */ = {isa = PBXFileReference; lastKnownFileType = image.png; path = "Who-50.png"; sourceTree = "<group>"; };
		559F76691CEE5D6F003BE6E6 /* Who-25.png */ = {isa = PBXFileReference; lastKnownFileType = image.png; path = "Who-25.png"; sourceTree = "<group>"; };
		559F766D1CEF42B9003BE6E6 /* data.json */ = {isa = PBXFileReference; fileEncoding = 4; lastKnownFileType = text.json; path = data.json; sourceTree = "<group>"; };
		559F766F1CEF5C36003BE6E6 /* AgendaHeaderTableViewCell.swift */ = {isa = PBXFileReference; fileEncoding = 4; lastKnownFileType = sourcecode.swift; path = AgendaHeaderTableViewCell.swift; sourceTree = "<group>"; };
		559F76741CEF5E3C003BE6E6 /* Track.swift */ = {isa = PBXFileReference; fileEncoding = 4; lastKnownFileType = sourcecode.swift; path = Track.swift; sourceTree = "<group>"; };
		559F76761CEF6085003BE6E6 /* TrackData.swift */ = {isa = PBXFileReference; fileEncoding = 4; lastKnownFileType = sourcecode.swift; path = TrackData.swift; sourceTree = "<group>"; };
		55DAC3161CE5258400941824 /* PhotoRecord.swift */ = {isa = PBXFileReference; fileEncoding = 4; lastKnownFileType = sourcecode.swift; path = PhotoRecord.swift; sourceTree = "<group>"; };
		55DAC3181CE526E600941824 /* placeholder.png */ = {isa = PBXFileReference; lastKnownFileType = image.png; path = placeholder.png; sourceTree = "<group>"; };
		55DAC31A1CE527A100941824 /* PendingOperations.swift */ = {isa = PBXFileReference; fileEncoding = 4; lastKnownFileType = sourcecode.swift; path = PendingOperations.swift; sourceTree = "<group>"; };
		55DAC31C1CE528AC00941824 /* ImageDownloader.swift */ = {isa = PBXFileReference; fileEncoding = 4; lastKnownFileType = sourcecode.swift; path = ImageDownloader.swift; sourceTree = "<group>"; };
		55DAC3291CEA3B9100941824 /* menu-25.png */ = {isa = PBXFileReference; lastKnownFileType = image.png; path = "menu-25.png"; sourceTree = "<group>"; };
		55DAC3301CEA493D00941824 /* youtube.png */ = {isa = PBXFileReference; lastKnownFileType = image.png; path = youtube.png; sourceTree = "<group>"; };
		55DAC3341CEA497E00941824 /* web.png */ = {isa = PBXFileReference; lastKnownFileType = image.png; path = web.png; sourceTree = "<group>"; };
		55DAC3381CEA4B8100941824 /* email.png */ = {isa = PBXFileReference; lastKnownFileType = image.png; path = email.png; sourceTree = "<group>"; };
		55DAC34B1CEB51FC00941824 /* MapM-50.png */ = {isa = PBXFileReference; lastKnownFileType = image.png; path = "MapM-50.png"; sourceTree = "<group>"; };
		55DAC3511CEB532300941824 /* MapM-25.png */ = {isa = PBXFileReference; lastKnownFileType = image.png; path = "MapM-25.png"; sourceTree = "<group>"; };
		55DAC3531CEB53F300941824 /* SocialMedia-25.png */ = {isa = PBXFileReference; lastKnownFileType = image.png; path = "SocialMedia-25.png"; sourceTree = "<group>"; };
		55DAC3551CEB547000941824 /* MyIten-25.png */ = {isa = PBXFileReference; lastKnownFileType = image.png; path = "MyIten-25.png"; sourceTree = "<group>"; };
		55DAC3571CEB54D500941824 /* LiveBroadcast-25.png */ = {isa = PBXFileReference; lastKnownFileType = image.png; path = "LiveBroadcast-25.png"; sourceTree = "<group>"; };
		55DAC3591CEB550700941824 /* Announcements-25.png */ = {isa = PBXFileReference; lastKnownFileType = image.png; path = "Announcements-25.png"; sourceTree = "<group>"; };
		55DAC35F1CEB56BF00941824 /* Star-25.png */ = {isa = PBXFileReference; lastKnownFileType = image.png; path = "Star-25.png"; sourceTree = "<group>"; };
		55DAC3611CEB578700941824 /* StarFilled-25.png */ = {isa = PBXFileReference; lastKnownFileType = image.png; path = "StarFilled-25.png"; sourceTree = "<group>"; };
		55DAC3661CEB711800941824 /* SpeakerViewController.swift */ = {isa = PBXFileReference; fileEncoding = 4; lastKnownFileType = sourcecode.swift; path = SpeakerViewController.swift; sourceTree = "<group>"; };
		55DAC3681CEBA12800941824 /* Facebook-25.png */ = {isa = PBXFileReference; lastKnownFileType = image.png; path = "Facebook-25.png"; sourceTree = "<group>"; };
		55DAC36A1CEBA27200941824 /* Facebook-50.png */ = {isa = PBXFileReference; lastKnownFileType = image.png; path = "Facebook-50.png"; sourceTree = "<group>"; };
		55DAC36C1CEBA36700941824 /* SocialMediaCell.swift */ = {isa = PBXFileReference; fileEncoding = 4; lastKnownFileType = sourcecode.swift; path = SocialMediaCell.swift; sourceTree = "<group>"; };
		55DAC36E1CEBA8AC00941824 /* Twitter-50.png */ = {isa = PBXFileReference; lastKnownFileType = image.png; path = "Twitter-50.png"; sourceTree = "<group>"; };
		55DAC3721CEBA96E00941824 /* YouTube-50.png */ = {isa = PBXFileReference; lastKnownFileType = image.png; path = "YouTube-50.png"; sourceTree = "<group>"; };
		55DAC3741CEBAA0000941824 /* Instagram-50.png */ = {isa = PBXFileReference; lastKnownFileType = image.png; path = "Instagram-50.png"; sourceTree = "<group>"; };
		55DAC3761CEBAA8600941824 /* Google-50.png */ = {isa = PBXFileReference; lastKnownFileType = image.png; path = "Google-50.png"; sourceTree = "<group>"; };
		55DAC3781CEBAACF00941824 /* LinkedIn-50.png */ = {isa = PBXFileReference; lastKnownFileType = image.png; path = "LinkedIn-50.png"; sourceTree = "<group>"; };
		55DAC37A1CEBAB3E00941824 /* Web-50.png */ = {isa = PBXFileReference; lastKnownFileType = image.png; path = "Web-50.png"; sourceTree = "<group>"; };
		55DAC37C1CEBAB6900941824 /* Email-50.png */ = {isa = PBXFileReference; lastKnownFileType = image.png; path = "Email-50.png"; sourceTree = "<group>"; };
		55DAC37E1CEBAEDD00941824 /* SocialMedia.swift */ = {isa = PBXFileReference; fileEncoding = 4; lastKnownFileType = sourcecode.swift; path = SocialMedia.swift; sourceTree = "<group>"; };
		55DAC3801CEBC77A00941824 /* About.swift */ = {isa = PBXFileReference; fileEncoding = 4; lastKnownFileType = sourcecode.swift; path = About.swift; sourceTree = "<group>"; };
		55DAC3821CECAD8200941824 /* MasterViewController2.swift */ = {isa = PBXFileReference; fileEncoding = 4; lastKnownFileType = sourcecode.swift; path = MasterViewController2.swift; sourceTree = "<group>"; };
		55DAC3841CECFD7200941824 /* Email-25.png */ = {isa = PBXFileReference; lastKnownFileType = image.png; path = "Email-25.png"; sourceTree = "<group>"; };
		55DAC3861CECFDC600941824 /* Web-25.png */ = {isa = PBXFileReference; lastKnownFileType = image.png; path = "Web-25.png"; sourceTree = "<group>"; };
		55DAC3881CECFDF200941824 /* LinkedIn-25.png */ = {isa = PBXFileReference; lastKnownFileType = image.png; path = "LinkedIn-25.png"; sourceTree = "<group>"; };
		55DAC38E1CEDFC4D00941824 /* ShareButton.swift */ = {isa = PBXFileReference; fileEncoding = 4; lastKnownFileType = sourcecode.swift; path = ShareButton.swift; sourceTree = "<group>"; };
		55DAC3911CEDFEE100941824 /* ItenWiredStyle.swift */ = {isa = PBXFileReference; fileEncoding = 4; lastKnownFileType = sourcecode.swift; path = ItenWiredStyle.swift; sourceTree = "<group>"; };
		55DAC3951CEE17F700941824 /* Agenda-25.png */ = {isa = PBXFileReference; lastKnownFileType = image.png; path = "Agenda-25.png"; sourceTree = "<group>"; };
		55DAC3971CEE19AC00941824 /* About-25.png */ = {isa = PBXFileReference; lastKnownFileType = image.png; path = "About-25.png"; sourceTree = "<group>"; };
		55E5A0D41CF4A25200144CD6 /* MapM-50-2.png */ = {isa = PBXFileReference; lastKnownFileType = image.png; path = "MapM-50-2.png"; sourceTree = "<group>"; };
		55E5A0D61CF4A39700144CD6 /* Agenda-50-2.png */ = {isa = PBXFileReference; lastKnownFileType = image.png; path = "Agenda-50-2.png"; sourceTree = "<group>"; };
		55E5A0D81CF4A69900144CD6 /* AgendaFilled-50.png */ = {isa = PBXFileReference; lastKnownFileType = image.png; path = "AgendaFilled-50.png"; sourceTree = "<group>"; };
		55E5A0DC1CF4A89E00144CD6 /* MyItenFilled-50.png */ = {isa = PBXFileReference; lastKnownFileType = image.png; path = "MyItenFilled-50.png"; sourceTree = "<group>"; };
		55FEE2061CF500250019F48D /* MIBadgeButton.swift */ = {isa = PBXFileReference; fileEncoding = 4; lastKnownFileType = sourcecode.swift; path = MIBadgeButton.swift; sourceTree = "<group>"; };
		55FEE2081CF5EA4C0019F48D /* MapMFilled-50-color.png */ = {isa = PBXFileReference; lastKnownFileType = image.png; path = "MapMFilled-50-color.png"; sourceTree = "<group>"; };
		55FEE20A1CF5FF8D0019F48D /* MenuItem.swift */ = {isa = PBXFileReference; fileEncoding = 4; lastKnownFileType = sourcecode.swift; path = MenuItem.swift; sourceTree = "<group>"; };
		55FEE20C1CF601FD0019F48D /* Settings-50-color.png */ = {isa = PBXFileReference; lastKnownFileType = image.png; path = "Settings-50-color.png"; sourceTree = "<group>"; };
		55FEE20E1CF6024B0019F48D /* AnnouncementsFilled-50-color.png */ = {isa = PBXFileReference; lastKnownFileType = image.png; path = "AnnouncementsFilled-50-color.png"; sourceTree = "<group>"; };
		55FEE2101CF6026B0019F48D /* AboutFilled-50-color.png */ = {isa = PBXFileReference; lastKnownFileType = image.png; path = "AboutFilled-50-color.png"; sourceTree = "<group>"; };
		55FEE2121CF6028B0019F48D /* WhoFilled-50-color.png */ = {isa = PBXFileReference; lastKnownFileType = image.png; path = "WhoFilled-50-color.png"; sourceTree = "<group>"; };
		55FEE2141CF602B80019F48D /* LiveBroadcastFilled-50-color.png */ = {isa = PBXFileReference; lastKnownFileType = image.png; path = "LiveBroadcastFilled-50-color.png"; sourceTree = "<group>"; };
		55FEE2161CF602ED0019F48D /* SocialMediaFilled-50-color.png */ = {isa = PBXFileReference; lastKnownFileType = image.png; path = "SocialMediaFilled-50-color.png"; sourceTree = "<group>"; };
		55FEE2181CF603110019F48D /* MyItenFilled-50-color.png */ = {isa = PBXFileReference; lastKnownFileType = image.png; path = "MyItenFilled-50-color.png"; sourceTree = "<group>"; };
		55FEE21A1CF6033C0019F48D /* AgendaFilled-50-color.png */ = {isa = PBXFileReference; lastKnownFileType = image.png; path = "AgendaFilled-50-color.png"; sourceTree = "<group>"; };
		55FEE21C1CF606680019F48D /* SCLAlertView.swift */ = {isa = PBXFileReference; fileEncoding = 4; lastKnownFileType = sourcecode.swift; path = SCLAlertView.swift; sourceTree = "<group>"; };
		55FEE21E1CF606D10019F48D /* SCLExtensions.swift */ = {isa = PBXFileReference; fileEncoding = 4; lastKnownFileType = sourcecode.swift; path = SCLExtensions.swift; sourceTree = "<group>"; };
		55FEE2221CF763400019F48D /* Twitter.swift */ = {isa = PBXFileReference; fileEncoding = 4; lastKnownFileType = sourcecode.swift; path = Twitter.swift; sourceTree = "<group>"; };
		55FEE2251CF764280019F48D /* TwitterCell.swift */ = {isa = PBXFileReference; fileEncoding = 4; lastKnownFileType = sourcecode.swift; path = TwitterCell.swift; sourceTree = "<group>"; };
		55FEE2271CF764BD0019F48D /* TwitterController.swift */ = {isa = PBXFileReference; fileEncoding = 4; lastKnownFileType = sourcecode.swift; path = TwitterController.swift; sourceTree = "<group>"; };
		55FEE22A1CF7654E0019F48D /* TwitterUser.swift */ = {isa = PBXFileReference; fileEncoding = 4; lastKnownFileType = sourcecode.swift; path = TwitterUser.swift; sourceTree = "<group>"; };
		55FEE22C1CF765C00019F48D /* TwitterViewController.swift */ = {isa = PBXFileReference; fileEncoding = 4; lastKnownFileType = sourcecode.swift; path = TwitterViewController.swift; sourceTree = "<group>"; };
		55FEE22E1CF785A80019F48D /* FBSDKCoreKit.framework */ = {isa = PBXFileReference; lastKnownFileType = wrapper.framework; path = FBSDKCoreKit.framework; sourceTree = "<group>"; };
		55FEE2321CF787730019F48D /* FacebookController.swift */ = {isa = PBXFileReference; fileEncoding = 4; lastKnownFileType = sourcecode.swift; path = FacebookController.swift; sourceTree = "<group>"; };
		55FEE2341CF789460019F48D /* FBSDKLoginKit.framework */ = {isa = PBXFileReference; lastKnownFileType = wrapper.framework; path = FBSDKLoginKit.framework; sourceTree = "<group>"; };
		63AAC6D6F1D6B88DA677F496 /* Pods-Conference App.release.xcconfig */ = {isa = PBXFileReference; includeInIndex = 1; lastKnownFileType = text.xcconfig; name = "Pods-Conference App.release.xcconfig"; path = "Pods/Target Support Files/Pods-Conference App/Pods-Conference App.release.xcconfig"; sourceTree = "<group>"; };
		827BA99E1CC2E44B003085BA /* Social.framework */ = {isa = PBXFileReference; lastKnownFileType = wrapper.framework; name = Social.framework; path = System/Library/Frameworks/Social.framework; sourceTree = SDKROOT; };
		827BA9A01CC2E464003085BA /* SocialMedia.storyboard */ = {isa = PBXFileReference; fileEncoding = 4; lastKnownFileType = file.storyboard; path = SocialMedia.storyboard; sourceTree = "<group>"; };
		827BA9A21CC2E48F003085BA /* SocialMediaViewController.swift */ = {isa = PBXFileReference; fileEncoding = 4; lastKnownFileType = sourcecode.swift; path = SocialMediaViewController.swift; sourceTree = "<group>"; };
		892079D31CC9A05F008C1CAC /* SocialMediaData.swift */ = {isa = PBXFileReference; fileEncoding = 4; lastKnownFileType = sourcecode.swift; path = SocialMediaData.swift; sourceTree = "<group>"; };
		A123500D1CB945F300B1233E /* AgendaViewController.swift */ = {isa = PBXFileReference; fileEncoding = 4; lastKnownFileType = sourcecode.swift; path = AgendaViewController.swift; sourceTree = "<group>"; };
		A12350161CB9500400B1233E /* ItineraryStoryboard.storyboard */ = {isa = PBXFileReference; fileEncoding = 4; lastKnownFileType = file.storyboard; path = ItineraryStoryboard.storyboard; sourceTree = "<group>"; };
		A12350171CB9500400B1233E /* ItineraryViewController.swift */ = {isa = PBXFileReference; fileEncoding = 4; lastKnownFileType = sourcecode.swift; path = ItineraryViewController.swift; sourceTree = "<group>"; };
		D4C467C31CB84BA000BD6157 /* EventViewController.swift */ = {isa = PBXFileReference; fileEncoding = 4; lastKnownFileType = sourcecode.swift; path = EventViewController.swift; sourceTree = "<group>"; };
		D4C467C41CB84BA000BD6157 /* AgendaDataLoader.swift */ = {isa = PBXFileReference; fileEncoding = 4; lastKnownFileType = sourcecode.swift; path = AgendaDataLoader.swift; sourceTree = "<group>"; };
		D4C467C51CB84BA000BD6157 /* Agenda.swift */ = {isa = PBXFileReference; fileEncoding = 4; lastKnownFileType = sourcecode.swift; path = Agenda.swift; sourceTree = "<group>"; };
		D4C467C61CB84BA000BD6157 /* AgendaController.swift */ = {isa = PBXFileReference; fileEncoding = 4; lastKnownFileType = sourcecode.swift; path = AgendaController.swift; sourceTree = "<group>"; };
		D4C467C71CB84BA000BD6157 /* Event.swift */ = {isa = PBXFileReference; fileEncoding = 4; lastKnownFileType = sourcecode.swift; path = Event.swift; sourceTree = "<group>"; };
		D4C467C81CB84BA000BD6157 /* EventCell.swift */ = {isa = PBXFileReference; fileEncoding = 4; lastKnownFileType = sourcecode.swift; path = EventCell.swift; sourceTree = "<group>"; };
		D4C467CF1CB84D9700BD6157 /* AgendaMain.storyboard */ = {isa = PBXFileReference; fileEncoding = 4; lastKnownFileType = file.storyboard; path = AgendaMain.storyboard; sourceTree = "<group>"; };
		FE0E76C41CC9D0910027CEDD /* blank-image.png */ = {isa = PBXFileReference; lastKnownFileType = image.png; path = "blank-image.png"; sourceTree = "<group>"; };
		FE26239E1CAEFA940074C58F /* Conference App.app */ = {isa = PBXFileReference; explicitFileType = wrapper.application; includeInIndex = 0; path = "Conference App.app"; sourceTree = BUILT_PRODUCTS_DIR; };
		FE2623A11CAEFA940074C58F /* AppDelegate.swift */ = {isa = PBXFileReference; lastKnownFileType = sourcecode.swift; path = AppDelegate.swift; sourceTree = "<group>"; };
		FE2623A41CAEFA940074C58F /* Conference_App.xcdatamodel */ = {isa = PBXFileReference; lastKnownFileType = wrapper.xcdatamodel; path = Conference_App.xcdatamodel; sourceTree = "<group>"; };
		FE2623A81CAEFA940074C58F /* DetailViewController.swift */ = {isa = PBXFileReference; lastKnownFileType = sourcecode.swift; path = DetailViewController.swift; sourceTree = "<group>"; };
		FE2623AB1CAEFA940074C58F /* Base */ = {isa = PBXFileReference; lastKnownFileType = file.storyboard; name = Base; path = Base.lproj/Main.storyboard; sourceTree = "<group>"; };
		FE2623AD1CAEFA940074C58F /* Assets.xcassets */ = {isa = PBXFileReference; lastKnownFileType = folder.assetcatalog; path = Assets.xcassets; sourceTree = "<group>"; };
		FE2623B01CAEFA940074C58F /* Base */ = {isa = PBXFileReference; lastKnownFileType = file.storyboard; name = Base; path = Base.lproj/LaunchScreen.storyboard; sourceTree = "<group>"; };
		FE2623B21CAEFA940074C58F /* Info.plist */ = {isa = PBXFileReference; lastKnownFileType = text.plist.xml; path = Info.plist; sourceTree = "<group>"; };
		FE2623B71CAEFA940074C58F /* Conference AppTests.xctest */ = {isa = PBXFileReference; explicitFileType = wrapper.cfbundle; includeInIndex = 0; path = "Conference AppTests.xctest"; sourceTree = BUILT_PRODUCTS_DIR; };
		FE2623BB1CAEFA940074C58F /* Conference_AppTests.swift */ = {isa = PBXFileReference; lastKnownFileType = sourcecode.swift; path = Conference_AppTests.swift; sourceTree = "<group>"; };
		FE2623BD1CAEFA940074C58F /* Info.plist */ = {isa = PBXFileReference; lastKnownFileType = text.plist.xml; path = Info.plist; sourceTree = "<group>"; };
		FE2623C21CAEFA940074C58F /* Conference AppUITests.xctest */ = {isa = PBXFileReference; explicitFileType = wrapper.cfbundle; includeInIndex = 0; path = "Conference AppUITests.xctest"; sourceTree = BUILT_PRODUCTS_DIR; };
		FE2623C61CAEFA940074C58F /* Conference_AppUITests.swift */ = {isa = PBXFileReference; lastKnownFileType = sourcecode.swift; path = Conference_AppUITests.swift; sourceTree = "<group>"; };
		FE2623C81CAEFA940074C58F /* Info.plist */ = {isa = PBXFileReference; lastKnownFileType = text.plist.xml; path = Info.plist; sourceTree = "<group>"; };
/* End PBXFileReference section */

/* Begin PBXFrameworksBuildPhase section */
		FE26239B1CAEFA940074C58F /* Frameworks */ = {
			isa = PBXFrameworksBuildPhase;
			buildActionMask = 2147483647;
			files = (
				827BA99F1CC2E44B003085BA /* Social.framework in Frameworks */,
				55FEE22F1CF785A80019F48D /* FBSDKCoreKit.framework in Frameworks */,
				55FEE2351CF789460019F48D /* FBSDKLoginKit.framework in Frameworks */,
				0EE564CF1CB8331A001678B0 /* MapKit.framework in Frameworks */,
				71187E357A0B10911141570F /* libPods-Conference App.a in Frameworks */,
			);
			runOnlyForDeploymentPostprocessing = 0;
		};
		FE2623B41CAEFA940074C58F /* Frameworks */ = {
			isa = PBXFrameworksBuildPhase;
			buildActionMask = 2147483647;
			files = (
			);
			runOnlyForDeploymentPostprocessing = 0;
		};
		FE2623BF1CAEFA940074C58F /* Frameworks */ = {
			isa = PBXFrameworksBuildPhase;
			buildActionMask = 2147483647;
			files = (
			);
			runOnlyForDeploymentPostprocessing = 0;
		};
/* End PBXFrameworksBuildPhase section */

/* Begin PBXGroup section */
		40D07A941CE0CA4C005E361B /* Images */ = {
			isa = PBXGroup;
			children = (
				556F70211CF49DCB00428EB5 /* logo-16.png */,
				555A7A651CEFB1460068F58C /* More-25.png */,
				555A7A671CF33BAF0068F58C /* More-color-25.png */,
				55DAC3841CECFD7200941824 /* Email-25.png */,
				55DAC3631CEB579E00941824 /* Agenda */,
				55DAC32D1CEA487F00941824 /* Social Media */,
				55DAC3461CEB514500941824 /* Main Menu */,
				55DAC3181CE526E600941824 /* placeholder.png */,
				5570EEDB1CF4F84F0033FCDC /* header-logo-16.png */,
				559F764C1CEE58AC003BE6E6 /* logo.png */,
				55DAC3291CEA3B9100941824 /* menu-25.png */,
				FE0E76C41CC9D0910027CEDD /* blank-image.png */,
			);
			name = Images;
			sourceTree = "<group>";
		};
		55229BCE1CE122C70023EFD3 /* Storyboards */ = {
			isa = PBXGroup;
			children = (
				A12350161CB9500400B1233E /* ItineraryStoryboard.storyboard */,
				0EE564D41CB845E7001678B0 /* AboutView.storyboard */,
				FE2623AA1CAEFA940074C58F /* Main.storyboard */,
				4F3A78DA1CB5AAF500A87EE6 /* Attendees.storyboard */,
				D4C467CF1CB84D9700BD6157 /* AgendaMain.storyboard */,
				827BA9A01CC2E464003085BA /* SocialMedia.storyboard */,
				0EE564D01CB83E6C001678B0 /* MapView.storyboard */,
				FE2623AF1CAEFA940074C58F /* LaunchScreen.storyboard */,
				0EBCE1E31CC2E128008CEA2C /* LiveBroadcast.storyboard */,
				5549801F1CE37DCC00CC6E36 /* Notification.storyboard */,
			);
			name = Storyboards;
			sourceTree = "<group>";
		};
		55229BCF1CE123070023EFD3 /* ViewControllers */ = {
			isa = PBXGroup;
			children = (
				55DAC3941CEE158D00941824 /* SplitView */,
				55DAC3931CEE150B00941824 /* Map */,
				55DAC3651CEB70E800941824 /* Agenda */,
				55DAC3641CEB70CE00941824 /* Attendee */,
				557D35531CE50B2200562A7A /* Social */,
				0EBCE1E51CC2E14E008CEA2C /* LiveBroadcastViewController.swift */,
				0EE564D61CB84DC1001678B0 /* AboutViewController.swift */,
				554980231CE37EDC00CC6E36 /* NotificationViewController.swift */,
			);
			name = ViewControllers;
			sourceTree = "<group>";
		};
		55229BD01CE1237A0023EFD3 /* Data */ = {
			isa = PBXGroup;
			children = (
				D4C467C41CB84BA000BD6157 /* AgendaDataLoader.swift */,
				0ED487721CBD817D007DCC2B /* AboutData.swift */,
				0E647B2C1CBF2DDB006DFB68 /* MapData.swift */,
				4F4590E51CBEC8DE00F51BCE /* AttendeeData.swift */,
				892079D31CC9A05F008C1CAC /* SocialMediaData.swift */,
				559F76761CEF6085003BE6E6 /* TrackData.swift */,
			);
			name = Data;
			sourceTree = "<group>";
		};
		55229BD11CE124E60023EFD3 /* Entity */ = {
			isa = PBXGroup;
			children = (
				559F76731CEF5E1E003BE6E6 /* Attendee */,
				559F76721CEF5DF8003BE6E6 /* Agenda */,
				55DAC3121CE5116A00941824 /* Social */,
				55881A991CE12729009B8399 /* Location.swift */,
				554334291CE27E7500A6001C /* Notification.swift */,
				5549801B1CE3734200CC6E36 /* NotificationList.swift */,
				55DAC3801CEBC77A00941824 /* About.swift */,
				55FEE20A1CF5FF8D0019F48D /* MenuItem.swift */,
			);
			name = Entity;
			sourceTree = "<group>";
		};
		552E692A1CE284B60010C3C9 /* Controllers */ = {
			isa = PBXGroup;
			children = (
				4F4590E71CBEC98F00F51BCE /* AttendeeController.swift */,
				D4C467C61CB84BA000BD6157 /* AgendaController.swift */,
				552E692B1CE284DC0010C3C9 /* NotificationController.swift */,
				557D354B1CE4DC8B00562A7A /* MyItenController.swift */,
				55FEE2271CF764BD0019F48D /* TwitterController.swift */,
			);
			name = Controllers;
			sourceTree = "<group>";
		};
		55450B861CE2236F00A2712E /* UIView */ = {
			isa = PBXGroup;
			children = (
				55DAC38B1CEDFC0900941824 /* button */,
				55DAC38A1CEDFBFD00941824 /* Cell */,
			);
			name = UIView;
			sourceTree = "<group>";
		};
		557D35531CE50B2200562A7A /* Social */ = {
			isa = PBXGroup;
			children = (
				827BA9A21CC2E48F003085BA /* SocialMediaViewController.swift */,
				55FEE22C1CF765C00019F48D /* TwitterViewController.swift */,
			);
			name = Social;
			sourceTree = "<group>";
		};
		559F764E1CEE5A29003BE6E6 /* Map */ = {
			isa = PBXGroup;
			children = (
				55E5A0D41CF4A25200144CD6 /* MapM-50-2.png */,
				55FEE2081CF5EA4C0019F48D /* MapMFilled-50-color.png */,
				55DAC34B1CEB51FC00941824 /* MapM-50.png */,
				5570EECD1CF4AD8C0033FCDC /* MapMFilled-50.png */,
				55DAC3511CEB532300941824 /* MapM-25.png */,
			);
			name = Map;
			sourceTree = "<group>";
		};
		559F764F1CEE5AB6003BE6E6 /* Agenda */ = {
			isa = PBXGroup;
			children = (
				55E5A0D61CF4A39700144CD6 /* Agenda-50-2.png */,
				559F76501CEE5AE0003BE6E6 /* Agenda-50.png */,
				55FEE21A1CF6033C0019F48D /* AgendaFilled-50-color.png */,
				55E5A0D81CF4A69900144CD6 /* AgendaFilled-50.png */,
				55DAC3951CEE17F700941824 /* Agenda-25.png */,
			);
			name = Agenda;
			sourceTree = "<group>";
		};
		559F76521CEE5AEB003BE6E6 /* MyIten */ = {
			isa = PBXGroup;
			children = (
				55E5A0DC1CF4A89E00144CD6 /* MyItenFilled-50.png */,
				55FEE2181CF603110019F48D /* MyItenFilled-50-color.png */,
				55DAC3551CEB547000941824 /* MyIten-25.png */,
				559F76551CEE5B5F003BE6E6 /* MyIten-50.png */,
			);
			name = MyIten;
			sourceTree = "<group>";
		};
		559F76531CEE5B20003BE6E6 /* Web */ = {
			isa = PBXGroup;
			children = (
				55DAC37A1CEBAB3E00941824 /* Web-50.png */,
				55DAC3861CECFDC600941824 /* Web-25.png */,
			);
			name = Web;
			sourceTree = "<group>";
		};
		559F76541CEE5B2A003BE6E6 /* linkedIn */ = {
			isa = PBXGroup;
			children = (
				55DAC3781CEBAACF00941824 /* LinkedIn-50.png */,
				55DAC3881CECFDF200941824 /* LinkedIn-25.png */,
			);
			name = linkedIn;
			sourceTree = "<group>";
		};
		559F76591CEE5B9A003BE6E6 /* Social Media */ = {
			isa = PBXGroup;
			children = (
				5570EEC51CF4AC510033FCDC /* SocialMediaFilled-50.png */,
				559F76571CEE5B97003BE6E6 /* SocialMedia-50.png */,
				55FEE2161CF602ED0019F48D /* SocialMediaFilled-50-color.png */,
				55DAC3531CEB53F300941824 /* SocialMedia-25.png */,
			);
			name = "Social Media";
			sourceTree = "<group>";
		};
		559F765A1CEE5BDF003BE6E6 /* Live Broadcast */ = {
			isa = PBXGroup;
			children = (
				5570EECB1CF4AD3F0033FCDC /* LiveBroadcastFilled-50.png */,
				55FEE2141CF602B80019F48D /* LiveBroadcastFilled-50-color.png */,
				55DAC3571CEB54D500941824 /* LiveBroadcast-25.png */,
				559F765B1CEE5BF0003BE6E6 /* LiveBroadcast-50.png */,
			);
			name = "Live Broadcast";
			sourceTree = "<group>";
		};
		559F765D1CEE5C03003BE6E6 /* Who */ = {
			isa = PBXGroup;
			children = (
				5570EECF1CF4AE2B0033FCDC /* WhoFilled-50.png */,
				55FEE2121CF6028B0019F48D /* WhoFilled-50-color.png */,
				559F76671CEE5D52003BE6E6 /* Who-50.png */,
				559F76691CEE5D6F003BE6E6 /* Who-25.png */,
			);
			name = Who;
			sourceTree = "<group>";
		};
		559F76601CEE5C4D003BE6E6 /* About */ = {
			isa = PBXGroup;
			children = (
				5570EEC91CF4ACE10033FCDC /* AboutFilled-50.png */,
				55FEE2101CF6026B0019F48D /* AboutFilled-50-color.png */,
				55DAC3971CEE19AC00941824 /* About-25.png */,
				559F76651CEE5CBB003BE6E6 /* About-50.png */,
			);
			name = About;
			sourceTree = "<group>";
		};
		559F76611CEE5C53003BE6E6 /* Announcements */ = {
			isa = PBXGroup;
			children = (
				55DAC3591CEB550700941824 /* Announcements-25.png */,
				55FEE20E1CF6024B0019F48D /* AnnouncementsFilled-50-color.png */,
				5570EEC71CF4ACC20033FCDC /* AnnouncementsFilled-50.png */,
				559F765E1CEE5C46003BE6E6 /* Announcements-50.png */,
			);
			name = Announcements;
			sourceTree = "<group>";
		};
		559F76621CEE5C77003BE6E6 /* Settings */ = {
			isa = PBXGroup;
			children = (
				559F76631CEE5C92003BE6E6 /* Settings-50.png */,
				55FEE20C1CF601FD0019F48D /* Settings-50-color.png */,
				559F76481CEE4C9C003BE6E6 /* Settings-25.png */,
			);
			name = Settings;
			sourceTree = "<group>";
		};
		559F76711CEF5D93003BE6E6 /* Agenda */ = {
			isa = PBXGroup;
			children = (
				4F2FBD131CBC5C7C0017A11F /* AttendeesCell.swift */,
				559F766F1CEF5C36003BE6E6 /* AgendaHeaderTableViewCell.swift */,
				D4C467C81CB84BA000BD6157 /* EventCell.swift */,
			);
			name = Agenda;
			sourceTree = "<group>";
		};
		559F76721CEF5DF8003BE6E6 /* Agenda */ = {
			isa = PBXGroup;
			children = (
				559F76741CEF5E3C003BE6E6 /* Track.swift */,
				D4C467C51CB84BA000BD6157 /* Agenda.swift */,
				D4C467C71CB84BA000BD6157 /* Event.swift */,
				557D354D1CE4DDDF00562A7A /* EventList.swift */,
			);
			name = Agenda;
			sourceTree = "<group>";
		};
		559F76731CEF5E1E003BE6E6 /* Attendee */ = {
			isa = PBXGroup;
			children = (
				55881A9B1CE129FF009B8399 /* Exhibitor.swift */,
				55881A9D1CE12AD3009B8399 /* Sponser.swift */,
				55881A9F1CE13506009B8399 /* AttendeeProtocol.swift */,
				55450B871CE234EE00A2712E /* Speaker.swift */,
			);
			name = Attendee;
			sourceTree = "<group>";
		};
		55DAC3121CE5116A00941824 /* Social */ = {
			isa = PBXGroup;
			children = (
				55FEE2291CF7653E0019F48D /* Twitter */,
				55DAC37E1CEBAEDD00941824 /* SocialMedia.swift */,
			);
			name = Social;
			sourceTree = "<group>";
		};
		55DAC3151CE5256400941824 /* ImageClasses */ = {
			isa = PBXGroup;
			children = (
				55DAC3161CE5258400941824 /* PhotoRecord.swift */,
				55DAC31A1CE527A100941824 /* PendingOperations.swift */,
				55DAC31C1CE528AC00941824 /* ImageDownloader.swift */,
			);
			name = ImageClasses;
			sourceTree = "<group>";
		};
		55DAC32D1CEA487F00941824 /* Social Media */ = {
			isa = PBXGroup;
			children = (
				559F76541CEE5B2A003BE6E6 /* linkedIn */,
				559F76531CEE5B20003BE6E6 /* Web */,
				55DAC3741CEBAA0000941824 /* Instagram-50.png */,
				55DAC3681CEBA12800941824 /* Facebook-25.png */,
				55DAC3301CEA493D00941824 /* youtube.png */,
				55DAC36E1CEBA8AC00941824 /* Twitter-50.png */,
				55DAC3721CEBA96E00941824 /* YouTube-50.png */,
				55DAC3341CEA497E00941824 /* web.png */,
				55DAC36A1CEBA27200941824 /* Facebook-50.png */,
				55DAC3761CEBAA8600941824 /* Google-50.png */,
				55DAC3381CEA4B8100941824 /* email.png */,
				55DAC37C1CEBAB6900941824 /* Email-50.png */,
			);
			name = "Social Media";
			sourceTree = "<group>";
		};
		55DAC3461CEB514500941824 /* Main Menu */ = {
			isa = PBXGroup;
			children = (
				559F76621CEE5C77003BE6E6 /* Settings */,
				559F76611CEE5C53003BE6E6 /* Announcements */,
				559F76601CEE5C4D003BE6E6 /* About */,
				559F765D1CEE5C03003BE6E6 /* Who */,
				559F765A1CEE5BDF003BE6E6 /* Live Broadcast */,
				559F76591CEE5B9A003BE6E6 /* Social Media */,
				559F76521CEE5AEB003BE6E6 /* MyIten */,
				559F764F1CEE5AB6003BE6E6 /* Agenda */,
				559F764E1CEE5A29003BE6E6 /* Map */,
			);
			name = "Main Menu";
			sourceTree = "<group>";
		};
		55DAC3631CEB579E00941824 /* Agenda */ = {
			isa = PBXGroup;
			children = (
				55DAC35F1CEB56BF00941824 /* Star-25.png */,
				5570EED51CF4E48A0033FCDC /* Star-50.png */,
				5570EED71CF4E48F0033FCDC /* StarFilled-50.png */,
				55DAC3611CEB578700941824 /* StarFilled-25.png */,
			);
			name = Agenda;
			sourceTree = "<group>";
		};
		55DAC3641CEB70CE00941824 /* Attendee */ = {
			isa = PBXGroup;
			children = (
				4F2FBD111CBC5AEC0017A11F /* AttendTableViewController.swift */,
				4F72CBAD1CC884BA00C30D2B /* DescriptionViewController.swift */,
				55DAC3661CEB711800941824 /* SpeakerViewController.swift */,
				5570EED11CF4D5560033FCDC /* SponserUIViewController.swift */,
			);
			name = Attendee;
			sourceTree = "<group>";
		};
		55DAC3651CEB70E800941824 /* Agenda */ = {
			isa = PBXGroup;
			children = (
				A12350171CB9500400B1233E /* ItineraryViewController.swift */,
				A123500D1CB945F300B1233E /* AgendaViewController.swift */,
				D4C467C31CB84BA000BD6157 /* EventViewController.swift */,
			);
			name = Agenda;
			sourceTree = "<group>";
		};
		55DAC38A1CEDFBFD00941824 /* Cell */ = {
			isa = PBXGroup;
			children = (
				55FEE2241CF764090019F48D /* Social Media */,
				559F76711CEF5D93003BE6E6 /* Agenda */,
				55450B891CE23B6E00A2712E /* speakerCell.swift */,
				555A7A691CF348580068F58C /* speakerHeaderCell.swift */,
				554980251CE3871500CC6E36 /* NotificationsCell.swift */,
				559F76461CEE4747003BE6E6 /* MenuCellCollectionViewCell.swift */,
			);
			name = Cell;
			sourceTree = "<group>";
		};
		55DAC38B1CEDFC0900941824 /* button */ = {
			isa = PBXGroup;
			children = (
				55DAC38E1CEDFC4D00941824 /* ShareButton.swift */,
			);
			name = button;
			sourceTree = "<group>";
		};
		55DAC3901CEDFEC200941824 /* Style */ = {
			isa = PBXGroup;
			children = (
				55DAC3911CEDFEE100941824 /* ItenWiredStyle.swift */,
			);
			name = Style;
			sourceTree = "<group>";
		};
		55DAC3931CEE150B00941824 /* Map */ = {
			isa = PBXGroup;
			children = (
				0E647B321CBF2E67006DFB68 /* AnnotationDetailViewController.swift */,
				0EE564D21CB83E9A001678B0 /* MapViewController.swift */,
			);
			name = Map;
			sourceTree = "<group>";
		};
		55DAC3941CEE158D00941824 /* SplitView */ = {
			isa = PBXGroup;
			children = (
				55DAC3821CECAD8200941824 /* MasterViewController2.swift */,
				FE2623A81CAEFA940074C58F /* DetailViewController.swift */,
			);
			name = SplitView;
			sourceTree = "<group>";
		};
		55FEE2241CF764090019F48D /* Social Media */ = {
			isa = PBXGroup;
			children = (
				55DAC36C1CEBA36700941824 /* SocialMediaCell.swift */,
				55FEE2251CF764280019F48D /* TwitterCell.swift */,
			);
			name = "Social Media";
			sourceTree = "<group>";
		};
		55FEE2291CF7653E0019F48D /* Twitter */ = {
			isa = PBXGroup;
			children = (
				55FEE2221CF763400019F48D /* Twitter.swift */,
				55FEE22A1CF7654E0019F48D /* TwitterUser.swift */,
			);
			name = Twitter;
			sourceTree = "<group>";
		};
		55FEE2301CF785CB0019F48D /* Frameworks */ = {
			isa = PBXGroup;
			children = (
				55FEE2341CF789460019F48D /* FBSDKLoginKit.framework */,
				55FEE22E1CF785A80019F48D /* FBSDKCoreKit.framework */,
				827BA99E1CC2E44B003085BA /* Social.framework */,
				0EE564CE1CB8331A001678B0 /* MapKit.framework */,
			);
			name = Frameworks;
			sourceTree = "<group>";
		};
		55FEE2311CF7875C0019F48D /* Facebook */ = {
			isa = PBXGroup;
			children = (
				55FEE2321CF787730019F48D /* FacebookController.swift */,
			);
			name = Facebook;
			sourceTree = "<group>";
		};
		5CABC4C70AD5BD42C86B7A69 /* Frameworks */ = {
			isa = PBXGroup;
			children = (
				536FFA7F7B5205E260F0C4BA /* libPods-Conference App.a */,
			);
			name = Frameworks;
			sourceTree = "<group>";
		};
		D2441364356B9F2E766D9A08 /* Pods */ = {
			isa = PBXGroup;
			children = (
				34F3630C96D4FC35912B1A71 /* Pods-Conference App.debug.xcconfig */,
				63AAC6D6F1D6B88DA677F496 /* Pods-Conference App.release.xcconfig */,
			);
			name = Pods;
			sourceTree = "<group>";
		};
		FE2623951CAEFA940074C58F = {
			isa = PBXGroup;
			children = (
				55FEE2301CF785CB0019F48D /* Frameworks */,
				FE2623A01CAEFA940074C58F /* Conference App */,
				FE2623BA1CAEFA940074C58F /* Conference AppTests */,
				FE2623C51CAEFA940074C58F /* Conference AppUITests */,
				FE26239F1CAEFA940074C58F /* Products */,
				D2441364356B9F2E766D9A08 /* Pods */,
				5CABC4C70AD5BD42C86B7A69 /* Frameworks */,
			);
			sourceTree = "<group>";
		};
		FE26239F1CAEFA940074C58F /* Products */ = {
			isa = PBXGroup;
			children = (
				FE26239E1CAEFA940074C58F /* Conference App.app */,
				FE2623B71CAEFA940074C58F /* Conference AppTests.xctest */,
				FE2623C21CAEFA940074C58F /* Conference AppUITests.xctest */,
			);
			name = Products;
			sourceTree = "<group>";
		};
		FE2623A01CAEFA940074C58F /* Conference App */ = {
			isa = PBXGroup;
			children = (
				55FEE2311CF7875C0019F48D /* Facebook */,
				55DAC3901CEDFEC200941824 /* Style */,
				55DAC3151CE5256400941824 /* ImageClasses */,
				551604F11CE2720F00D46D2B /* Conference App-Bridging-Header.h */,
				FE2623A11CAEFA940074C58F /* AppDelegate.swift */,
				0E7A8FE41CC19D150034513C /* AppData.swift */,
				40D07A941CE0CA4C005E361B /* Images */,
				55229BD01CE1237A0023EFD3 /* Data */,
				55450B861CE2236F00A2712E /* UIView */,
				55229BCF1CE123070023EFD3 /* ViewControllers */,
				55229BCE1CE122C70023EFD3 /* Storyboards */,
				552E692A1CE284B60010C3C9 /* Controllers */,
				55229BD11CE124E60023EFD3 /* Entity */,
				0E647B301CBF2E38006DFB68 /* AddAnnotation.swift */,
				FE2623AD1CAEFA940074C58F /* Assets.xcassets */,
				FE2623A31CAEFA940074C58F /* Conference_App.xcdatamodeld */,
				FE2623B21CAEFA940074C58F /* Info.plist */,
				555A7A6B1CF358040068F58C /* app-data.json */,
				559F76441CEE3CFB003BE6E6 /* Style.json */,
				559F766D1CEF42B9003BE6E6 /* data.json */,
				555A7A6F1CF35F390068F58C /* Reach.swift */,
				555A7A711CF365FF0068F58C /* NetworkConnection.swift */,
				5570EED91CF4EC100033FCDC /* DateEnum.swift */,
				55FEE2061CF500250019F48D /* MIBadgeButton.swift */,
				55FEE21E1CF606D10019F48D /* SCLExtensions.swift */,
				55FEE21C1CF606680019F48D /* SCLAlertView.swift */,
			);
			path = "Conference App";
			sourceTree = "<group>";
		};
		FE2623BA1CAEFA940074C58F /* Conference AppTests */ = {
			isa = PBXGroup;
			children = (
				FE2623BB1CAEFA940074C58F /* Conference_AppTests.swift */,
				FE2623BD1CAEFA940074C58F /* Info.plist */,
			);
			path = "Conference AppTests";
			sourceTree = "<group>";
		};
		FE2623C51CAEFA940074C58F /* Conference AppUITests */ = {
			isa = PBXGroup;
			children = (
				FE2623C61CAEFA940074C58F /* Conference_AppUITests.swift */,
				FE2623C81CAEFA940074C58F /* Info.plist */,
			);
			path = "Conference AppUITests";
			sourceTree = "<group>";
		};
/* End PBXGroup section */

/* Begin PBXNativeTarget section */
		FE26239D1CAEFA940074C58F /* Conference App */ = {
			isa = PBXNativeTarget;
			buildConfigurationList = FE2623CB1CAEFA940074C58F /* Build configuration list for PBXNativeTarget "Conference App" */;
			buildPhases = (
				2A16A9D166B7868905406D80 /* 📦 Check Pods Manifest.lock */,
				FE26239A1CAEFA940074C58F /* Sources */,
				FE26239B1CAEFA940074C58F /* Frameworks */,
				FE26239C1CAEFA940074C58F /* Resources */,
				A259EA5B77302391D62EE215 /* 📦 Embed Pods Frameworks */,
				E705A329564CC0E7FE7FDA29 /* 📦 Copy Pods Resources */,
			);
			buildRules = (
			);
			dependencies = (
			);
			name = "Conference App";
			productName = "Conference App";
			productReference = FE26239E1CAEFA940074C58F /* Conference App.app */;
			productType = "com.apple.product-type.application";
		};
		FE2623B61CAEFA940074C58F /* Conference AppTests */ = {
			isa = PBXNativeTarget;
			buildConfigurationList = FE2623CE1CAEFA940074C58F /* Build configuration list for PBXNativeTarget "Conference AppTests" */;
			buildPhases = (
				FE2623B31CAEFA940074C58F /* Sources */,
				FE2623B41CAEFA940074C58F /* Frameworks */,
				FE2623B51CAEFA940074C58F /* Resources */,
			);
			buildRules = (
			);
			dependencies = (
				FE2623B91CAEFA940074C58F /* PBXTargetDependency */,
			);
			name = "Conference AppTests";
			productName = "Conference AppTests";
			productReference = FE2623B71CAEFA940074C58F /* Conference AppTests.xctest */;
			productType = "com.apple.product-type.bundle.unit-test";
		};
		FE2623C11CAEFA940074C58F /* Conference AppUITests */ = {
			isa = PBXNativeTarget;
			buildConfigurationList = FE2623D11CAEFA940074C58F /* Build configuration list for PBXNativeTarget "Conference AppUITests" */;
			buildPhases = (
				FE2623BE1CAEFA940074C58F /* Sources */,
				FE2623BF1CAEFA940074C58F /* Frameworks */,
				FE2623C01CAEFA940074C58F /* Resources */,
			);
			buildRules = (
			);
			dependencies = (
				FE2623C41CAEFA940074C58F /* PBXTargetDependency */,
			);
			name = "Conference AppUITests";
			productName = "Conference AppUITests";
			productReference = FE2623C21CAEFA940074C58F /* Conference AppUITests.xctest */;
			productType = "com.apple.product-type.bundle.ui-testing";
		};
/* End PBXNativeTarget section */

/* Begin PBXProject section */
		FE2623961CAEFA940074C58F /* Project object */ = {
			isa = PBXProject;
			attributes = {
				LastSwiftUpdateCheck = 0730;
				LastUpgradeCheck = 0730;
				ORGANIZATIONNAME = "";
				TargetAttributes = {
					FE26239D1CAEFA940074C58F = {
						CreatedOnToolsVersion = 7.3;
						DevelopmentTeam = 8KV53E363M;
						SystemCapabilities = {
							com.apple.BackgroundModes = {
								enabled = 1;
							};
							com.apple.Maps.iOS = {
								enabled = 1;
							};
							com.apple.Push = {
								enabled = 1;
							};
						};
					};
					FE2623B61CAEFA940074C58F = {
						CreatedOnToolsVersion = 7.3;
						TestTargetID = FE26239D1CAEFA940074C58F;
					};
					FE2623C11CAEFA940074C58F = {
						CreatedOnToolsVersion = 7.3;
						TestTargetID = FE26239D1CAEFA940074C58F;
					};
				};
			};
			buildConfigurationList = FE2623991CAEFA940074C58F /* Build configuration list for PBXProject "Conference App" */;
			compatibilityVersion = "Xcode 3.2";
			developmentRegion = English;
			hasScannedForEncodings = 0;
			knownRegions = (
				en,
				Base,
			);
			mainGroup = FE2623951CAEFA940074C58F;
			productRefGroup = FE26239F1CAEFA940074C58F /* Products */;
			projectDirPath = "";
			projectRoot = "";
			targets = (
				FE26239D1CAEFA940074C58F /* Conference App */,
				FE2623B61CAEFA940074C58F /* Conference AppTests */,
				FE2623C11CAEFA940074C58F /* Conference AppUITests */,
			);
		};
/* End PBXProject section */

/* Begin PBXResourcesBuildPhase section */
		FE26239C1CAEFA940074C58F /* Resources */ = {
			isa = PBXResourcesBuildPhase;
			buildActionMask = 2147483647;
			files = (
				55DAC3541CEB53F300941824 /* SocialMedia-25.png in Resources */,
				55DAC3351CEA497E00941824 /* web.png in Resources */,
				55DAC3621CEB578700941824 /* StarFilled-25.png in Resources */,
				555A7A681CF33BAF0068F58C /* More-color-25.png in Resources */,
				55FEE20F1CF6024B0019F48D /* AnnouncementsFilled-50-color.png in Resources */,
				559F766E1CEF42B9003BE6E6 /* data.json in Resources */,
				55DAC3851CECFD7200941824 /* Email-25.png in Resources */,
				55DAC3981CEE19AC00941824 /* About-25.png in Resources */,
				55DAC3521CEB532300941824 /* MapM-25.png in Resources */,
				556F70221CF49DCB00428EB5 /* logo-16.png in Resources */,
				FE2623B11CAEFA940074C58F /* LaunchScreen.storyboard in Resources */,
				FE2623AE1CAEFA940074C58F /* Assets.xcassets in Resources */,
				55DAC3691CEBA12800941824 /* Facebook-25.png in Resources */,
				55FEE2091CF5EA4C0019F48D /* MapMFilled-50-color.png in Resources */,
				55DAC36B1CEBA27200941824 /* Facebook-50.png in Resources */,
				555A7A661CEFB1460068F58C /* More-25.png in Resources */,
				555A7A6C1CF358040068F58C /* app-data.json in Resources */,
				559F76561CEE5B5F003BE6E6 /* MyIten-50.png in Resources */,
				55DAC3311CEA493D00941824 /* youtube.png in Resources */,
				559F765F1CEE5C46003BE6E6 /* Announcements-50.png in Resources */,
				55FEE2151CF602B80019F48D /* LiveBroadcastFilled-50-color.png in Resources */,
				55DAC3961CEE17F700941824 /* Agenda-25.png in Resources */,
				55DAC3601CEB56BF00941824 /* Star-25.png in Resources */,
				559F765C1CEE5BF0003BE6E6 /* LiveBroadcast-50.png in Resources */,
				559F76581CEE5B97003BE6E6 /* SocialMedia-50.png in Resources */,
				55DAC3581CEB54D500941824 /* LiveBroadcast-25.png in Resources */,
				5570EEDC1CF4F84F0033FCDC /* header-logo-16.png in Resources */,
				55DAC3391CEA4B8100941824 /* email.png in Resources */,
				55E5A0DD1CF4A89E00144CD6 /* MyItenFilled-50.png in Resources */,
				A12350181CB9500400B1233E /* ItineraryStoryboard.storyboard in Resources */,
				559F764D1CEE58AC003BE6E6 /* logo.png in Resources */,
				5570EEC81CF4ACC20033FCDC /* AnnouncementsFilled-50.png in Resources */,
				559F76641CEE5C92003BE6E6 /* Settings-50.png in Resources */,
				55DAC35A1CEB550700941824 /* Announcements-25.png in Resources */,
				55DAC3871CECFDC600941824 /* Web-25.png in Resources */,
				FE0E76C51CC9D0920027CEDD /* blank-image.png in Resources */,
				55DAC3771CEBAA8600941824 /* Google-50.png in Resources */,
				5570EECC1CF4AD3F0033FCDC /* LiveBroadcastFilled-50.png in Resources */,
				559F76511CEE5AE0003BE6E6 /* Agenda-50.png in Resources */,
				559F76451CEE3CFB003BE6E6 /* Style.json in Resources */,
				55DAC3791CEBAACF00941824 /* LinkedIn-50.png in Resources */,
				55DAC3891CECFDF200941824 /* LinkedIn-25.png in Resources */,
				55FEE2131CF6028B0019F48D /* WhoFilled-50-color.png in Resources */,
				55E5A0D71CF4A39700144CD6 /* Agenda-50-2.png in Resources */,
				55E5A0D51CF4A25200144CD6 /* MapM-50-2.png in Resources */,
				5570EED01CF4AE2B0033FCDC /* WhoFilled-50.png in Resources */,
				55FEE2111CF6026B0019F48D /* AboutFilled-50-color.png in Resources */,
				559F76661CEE5CBB003BE6E6 /* About-50.png in Resources */,
				0EE564D51CB845E7001678B0 /* AboutView.storyboard in Resources */,
				55DAC3561CEB547000941824 /* MyIten-25.png in Resources */,
				55DAC3191CE526E600941824 /* placeholder.png in Resources */,
				559F76681CEE5D52003BE6E6 /* Who-50.png in Resources */,
				5570EED81CF4E48F0033FCDC /* StarFilled-50.png in Resources */,
				559F766A1CEE5D6F003BE6E6 /* Who-25.png in Resources */,
				55FEE2171CF602ED0019F48D /* SocialMediaFilled-50-color.png in Resources */,
				0EE564D11CB83E6C001678B0 /* MapView.storyboard in Resources */,
				0EBCE1E41CC2E128008CEA2C /* LiveBroadcast.storyboard in Resources */,
				55DAC37D1CEBAB6900941824 /* Email-50.png in Resources */,
				D4C467D01CB84D9700BD6157 /* AgendaMain.storyboard in Resources */,
				559F76491CEE4C9C003BE6E6 /* Settings-25.png in Resources */,
				827BA9A11CC2E464003085BA /* SocialMedia.storyboard in Resources */,
				55DAC34C1CEB51FC00941824 /* MapM-50.png in Resources */,
				55DAC36F1CEBA8AC00941824 /* Twitter-50.png in Resources */,
				55FEE2191CF603110019F48D /* MyItenFilled-50-color.png in Resources */,
				554980201CE37DCC00CC6E36 /* Notification.storyboard in Resources */,
				FE2623AC1CAEFA940074C58F /* Main.storyboard in Resources */,
				5570EECA1CF4ACE10033FCDC /* AboutFilled-50.png in Resources */,
				55FEE21B1CF6033C0019F48D /* AgendaFilled-50-color.png in Resources */,
				55E5A0D91CF4A69900144CD6 /* AgendaFilled-50.png in Resources */,
				55DAC3731CEBA96E00941824 /* YouTube-50.png in Resources */,
				55FEE20D1CF601FD0019F48D /* Settings-50-color.png in Resources */,
				4F3A78DB1CB5AAF500A87EE6 /* Attendees.storyboard in Resources */,
				55DAC32A1CEA3B9100941824 /* menu-25.png in Resources */,
				55DAC3751CEBAA0000941824 /* Instagram-50.png in Resources */,
				55DAC37B1CEBAB3E00941824 /* Web-50.png in Resources */,
				5570EECE1CF4AD8C0033FCDC /* MapMFilled-50.png in Resources */,
				5570EED61CF4E48A0033FCDC /* Star-50.png in Resources */,
				5570EEC61CF4AC510033FCDC /* SocialMediaFilled-50.png in Resources */,
			);
			runOnlyForDeploymentPostprocessing = 0;
		};
		FE2623B51CAEFA940074C58F /* Resources */ = {
			isa = PBXResourcesBuildPhase;
			buildActionMask = 2147483647;
			files = (
			);
			runOnlyForDeploymentPostprocessing = 0;
		};
		FE2623C01CAEFA940074C58F /* Resources */ = {
			isa = PBXResourcesBuildPhase;
			buildActionMask = 2147483647;
			files = (
			);
			runOnlyForDeploymentPostprocessing = 0;
		};
/* End PBXResourcesBuildPhase section */

/* Begin PBXShellScriptBuildPhase section */
		2A16A9D166B7868905406D80 /* 📦 Check Pods Manifest.lock */ = {
			isa = PBXShellScriptBuildPhase;
			buildActionMask = 2147483647;
			files = (
			);
			inputPaths = (
			);
			name = "📦 Check Pods Manifest.lock";
			outputPaths = (
			);
			runOnlyForDeploymentPostprocessing = 0;
			shellPath = /bin/sh;
			shellScript = "diff \"${PODS_ROOT}/../Podfile.lock\" \"${PODS_ROOT}/Manifest.lock\" > /dev/null\nif [[ $? != 0 ]] ; then\n    cat << EOM\nerror: The sandbox is not in sync with the Podfile.lock. Run 'pod install' or update your CocoaPods installation.\nEOM\n    exit 1\nfi\n";
			showEnvVarsInLog = 0;
		};
		A259EA5B77302391D62EE215 /* 📦 Embed Pods Frameworks */ = {
			isa = PBXShellScriptBuildPhase;
			buildActionMask = 2147483647;
			files = (
			);
			inputPaths = (
			);
			name = "📦 Embed Pods Frameworks";
			outputPaths = (
			);
			runOnlyForDeploymentPostprocessing = 0;
			shellPath = /bin/sh;
			shellScript = "\"${SRCROOT}/Pods/Target Support Files/Pods-Conference App/Pods-Conference App-frameworks.sh\"\n";
			showEnvVarsInLog = 0;
		};
		E705A329564CC0E7FE7FDA29 /* 📦 Copy Pods Resources */ = {
			isa = PBXShellScriptBuildPhase;
			buildActionMask = 2147483647;
			files = (
			);
			inputPaths = (
			);
			name = "📦 Copy Pods Resources";
			outputPaths = (
			);
			runOnlyForDeploymentPostprocessing = 0;
			shellPath = /bin/sh;
			shellScript = "\"${SRCROOT}/Pods/Target Support Files/Pods-Conference App/Pods-Conference App-resources.sh\"\n";
			showEnvVarsInLog = 0;
		};
/* End PBXShellScriptBuildPhase section */

/* Begin PBXSourcesBuildPhase section */
		FE26239A1CAEFA940074C58F /* Sources */ = {
			isa = PBXSourcesBuildPhase;
			buildActionMask = 2147483647;
			files = (
				557D354E1CE4DDDF00562A7A /* EventList.swift in Sources */,
				55DAC3921CEDFEE100941824 /* ItenWiredStyle.swift in Sources */,
				FEF7E0CB1CB858E3002A810B /* MapViewController.swift in Sources */,
				5570EED21CF4D5560033FCDC /* SponserUIViewController.swift in Sources */,
				557D354C1CE4DC8B00562A7A /* MyItenController.swift in Sources */,
				0EBCE1E61CC2E14E008CEA2C /* LiveBroadcastViewController.swift in Sources */,
				5570EEDA1CF4EC100033FCDC /* DateEnum.swift in Sources */,
				4F72CBAE1CC884BA00C30D2B /* DescriptionViewController.swift in Sources */,
				555A7A6A1CF348580068F58C /* speakerHeaderCell.swift in Sources */,
				55FEE20B1CF5FF8D0019F48D /* MenuItem.swift in Sources */,
				A123500E1CB945F300B1233E /* AgendaViewController.swift in Sources */,
				0EE564D71CB84DC1001678B0 /* AboutViewController.swift in Sources */,
				FE2623A21CAEFA940074C58F /* AppDelegate.swift in Sources */,
				559F76701CEF5C36003BE6E6 /* AgendaHeaderTableViewCell.swift in Sources */,
				55FEE2281CF764BD0019F48D /* TwitterController.swift in Sources */,
				55FEE21F1CF606D10019F48D /* SCLExtensions.swift in Sources */,
				0E647B331CBF2E67006DFB68 /* AnnotationDetailViewController.swift in Sources */,
				5549801C1CE3734200CC6E36 /* NotificationList.swift in Sources */,
				D4C467CA1CB84BA000BD6157 /* AgendaDataLoader.swift in Sources */,
				0E7A8FE51CC19D150034513C /* AppData.swift in Sources */,
				0E647B311CBF2E38006DFB68 /* AddAnnotation.swift in Sources */,
				FE2623A51CAEFA940074C58F /* Conference_App.xcdatamodeld in Sources */,
				892079D41CC9A05F008C1CAC /* SocialMediaData.swift in Sources */,
				55FEE2231CF763400019F48D /* Twitter.swift in Sources */,
				55DAC36D1CEBA36700941824 /* SocialMediaCell.swift in Sources */,
				55DAC3171CE5258400941824 /* PhotoRecord.swift in Sources */,
				FEF7E0C61CB852B1002A810B /* Event.swift in Sources */,
				559F76751CEF5E3C003BE6E6 /* Track.swift in Sources */,
				827BA9A31CC2E48F003085BA /* SocialMediaViewController.swift in Sources */,
				FEF7E0C71CB852B5002A810B /* EventCell.swift in Sources */,
				55450B881CE234EE00A2712E /* Speaker.swift in Sources */,
				4F4590E61CBEC8DE00F51BCE /* AttendeeData.swift in Sources */,
				559F76471CEE4747003BE6E6 /* MenuCellCollectionViewCell.swift in Sources */,
				554980261CE3871500CC6E36 /* NotificationsCell.swift in Sources */,
				55FEE2071CF500250019F48D /* MIBadgeButton.swift in Sources */,
				55881A9E1CE12AD3009B8399 /* Sponser.swift in Sources */,
				55DAC31B1CE527A100941824 /* PendingOperations.swift in Sources */,
				5543342A1CE27E7500A6001C /* Notification.swift in Sources */,
				55FEE2261CF764280019F48D /* TwitterCell.swift in Sources */,
				55DAC31D1CE528AC00941824 /* ImageDownloader.swift in Sources */,
				55450B8A1CE23B6E00A2712E /* speakerCell.swift in Sources */,
				0E647B2D1CBF2DDB006DFB68 /* MapData.swift in Sources */,
				55DAC38F1CEDFC4D00941824 /* ShareButton.swift in Sources */,
				55FEE21D1CF606680019F48D /* SCLAlertView.swift in Sources */,
				552E692C1CE284DC0010C3C9 /* NotificationController.swift in Sources */,
				4F2FBD121CBC5AEC0017A11F /* AttendTableViewController.swift in Sources */,
				0ED487731CBD817D007DCC2B /* AboutData.swift in Sources */,
				55881A9A1CE12729009B8399 /* Location.swift in Sources */,
				555A7A701CF35F390068F58C /* Reach.swift in Sources */,
				55FEE2331CF787730019F48D /* FacebookController.swift in Sources */,
				FEF7E0C51CB852A8002A810B /* EventViewController.swift in Sources */,
				559F76771CEF6085003BE6E6 /* TrackData.swift in Sources */,
				4F4590E81CBEC98F00F51BCE /* AttendeeController.swift in Sources */,
				4F2FBD141CBC5C7C0017A11F /* AttendeesCell.swift in Sources */,
				D4C467CC1CB84BA000BD6157 /* AgendaController.swift in Sources */,
				55DAC3811CEBC77A00941824 /* About.swift in Sources */,
				D4C467CB1CB84BA000BD6157 /* Agenda.swift in Sources */,
				55FEE22D1CF765C00019F48D /* TwitterViewController.swift in Sources */,
				555A7A721CF365FF0068F58C /* NetworkConnection.swift in Sources */,
				55DAC37F1CEBAEDD00941824 /* SocialMedia.swift in Sources */,
				55DAC3671CEB711800941824 /* SpeakerViewController.swift in Sources */,
				55881AA01CE13506009B8399 /* AttendeeProtocol.swift in Sources */,
				554980241CE37EDC00CC6E36 /* NotificationViewController.swift in Sources */,
				A12350191CB9500400B1233E /* ItineraryViewController.swift in Sources */,
				55FEE22B1CF7654E0019F48D /* TwitterUser.swift in Sources */,
				FE2623A91CAEFA940074C58F /* DetailViewController.swift in Sources */,
				55881A9C1CE129FF009B8399 /* Exhibitor.swift in Sources */,
				55DAC3831CECAD8200941824 /* MasterViewController2.swift in Sources */,
			);
			runOnlyForDeploymentPostprocessing = 0;
		};
		FE2623B31CAEFA940074C58F /* Sources */ = {
			isa = PBXSourcesBuildPhase;
			buildActionMask = 2147483647;
			files = (
				FE2623BC1CAEFA940074C58F /* Conference_AppTests.swift in Sources */,
				557D35471CE4BB9A00562A7A /* NotificationList.swift in Sources */,
				557D35491CE4BBA200562A7A /* NotificationController.swift in Sources */,
				552E692F1CE285810010C3C9 /* Notification.swift in Sources */,
			);
			runOnlyForDeploymentPostprocessing = 0;
		};
		FE2623BE1CAEFA940074C58F /* Sources */ = {
			isa = PBXSourcesBuildPhase;
			buildActionMask = 2147483647;
			files = (
				552E69301CE285810010C3C9 /* Notification.swift in Sources */,
				557D35481CE4BB9B00562A7A /* NotificationList.swift in Sources */,
				557D354A1CE4BBA300562A7A /* NotificationController.swift in Sources */,
				FE2623C71CAEFA940074C58F /* Conference_AppUITests.swift in Sources */,
			);
			runOnlyForDeploymentPostprocessing = 0;
		};
/* End PBXSourcesBuildPhase section */

/* Begin PBXTargetDependency section */
		FE2623B91CAEFA940074C58F /* PBXTargetDependency */ = {
			isa = PBXTargetDependency;
			target = FE26239D1CAEFA940074C58F /* Conference App */;
			targetProxy = FE2623B81CAEFA940074C58F /* PBXContainerItemProxy */;
		};
		FE2623C41CAEFA940074C58F /* PBXTargetDependency */ = {
			isa = PBXTargetDependency;
			target = FE26239D1CAEFA940074C58F /* Conference App */;
			targetProxy = FE2623C31CAEFA940074C58F /* PBXContainerItemProxy */;
		};
/* End PBXTargetDependency section */

/* Begin PBXVariantGroup section */
		FE2623AA1CAEFA940074C58F /* Main.storyboard */ = {
			isa = PBXVariantGroup;
			children = (
				FE2623AB1CAEFA940074C58F /* Base */,
			);
			name = Main.storyboard;
			sourceTree = "<group>";
		};
		FE2623AF1CAEFA940074C58F /* LaunchScreen.storyboard */ = {
			isa = PBXVariantGroup;
			children = (
				FE2623B01CAEFA940074C58F /* Base */,
			);
			name = LaunchScreen.storyboard;
			sourceTree = "<group>";
		};
/* End PBXVariantGroup section */

/* Begin XCBuildConfiguration section */
		FE2623C91CAEFA940074C58F /* Debug */ = {
			isa = XCBuildConfiguration;
			buildSettings = {
				ALWAYS_SEARCH_USER_PATHS = NO;
				CLANG_ANALYZER_NONNULL = YES;
				CLANG_CXX_LANGUAGE_STANDARD = "gnu++0x";
				CLANG_CXX_LIBRARY = "libc++";
				CLANG_ENABLE_MODULES = YES;
				CLANG_ENABLE_OBJC_ARC = YES;
				CLANG_WARN_BOOL_CONVERSION = YES;
				CLANG_WARN_CONSTANT_CONVERSION = YES;
				CLANG_WARN_DIRECT_OBJC_ISA_USAGE = YES_ERROR;
				CLANG_WARN_EMPTY_BODY = YES;
				CLANG_WARN_ENUM_CONVERSION = YES;
				CLANG_WARN_INT_CONVERSION = YES;
				CLANG_WARN_OBJC_ROOT_CLASS = YES_ERROR;
				CLANG_WARN_UNREACHABLE_CODE = YES;
				CLANG_WARN__DUPLICATE_METHOD_MATCH = YES;
				CODE_SIGN_IDENTITY = "iPhone Developer: fn7+1@students.uwf.edu (3P25NLY386)";
				"CODE_SIGN_IDENTITY[sdk=iphoneos*]" = "iPhone Developer";
				COPY_PHASE_STRIP = NO;
				DEBUG_INFORMATION_FORMAT = dwarf;
				ENABLE_STRICT_OBJC_MSGSEND = YES;
				ENABLE_TESTABILITY = YES;
				GCC_C_LANGUAGE_STANDARD = gnu99;
				GCC_DYNAMIC_NO_PIC = NO;
				GCC_NO_COMMON_BLOCKS = YES;
				GCC_OPTIMIZATION_LEVEL = 0;
				GCC_PREPROCESSOR_DEFINITIONS = (
					"DEBUG=1",
					"$(inherited)",
				);
				GCC_WARN_64_TO_32_BIT_CONVERSION = YES;
				GCC_WARN_ABOUT_RETURN_TYPE = YES_ERROR;
				GCC_WARN_UNDECLARED_SELECTOR = YES;
				GCC_WARN_UNINITIALIZED_AUTOS = YES_AGGRESSIVE;
				GCC_WARN_UNUSED_FUNCTION = YES;
				GCC_WARN_UNUSED_VARIABLE = YES;
				IPHONEOS_DEPLOYMENT_TARGET = 9.3;
				MTL_ENABLE_DEBUG_INFO = YES;
				ONLY_ACTIVE_ARCH = YES;
				SDKROOT = iphoneos;
				SWIFT_OPTIMIZATION_LEVEL = "-Onone";
				TARGETED_DEVICE_FAMILY = "1,2";
			};
			name = Debug;
		};
		FE2623CA1CAEFA940074C58F /* Release */ = {
			isa = XCBuildConfiguration;
			buildSettings = {
				ALWAYS_SEARCH_USER_PATHS = NO;
				CLANG_ANALYZER_NONNULL = YES;
				CLANG_CXX_LANGUAGE_STANDARD = "gnu++0x";
				CLANG_CXX_LIBRARY = "libc++";
				CLANG_ENABLE_MODULES = YES;
				CLANG_ENABLE_OBJC_ARC = YES;
				CLANG_WARN_BOOL_CONVERSION = YES;
				CLANG_WARN_CONSTANT_CONVERSION = YES;
				CLANG_WARN_DIRECT_OBJC_ISA_USAGE = YES_ERROR;
				CLANG_WARN_EMPTY_BODY = YES;
				CLANG_WARN_ENUM_CONVERSION = YES;
				CLANG_WARN_INT_CONVERSION = YES;
				CLANG_WARN_OBJC_ROOT_CLASS = YES_ERROR;
				CLANG_WARN_UNREACHABLE_CODE = YES;
				CLANG_WARN__DUPLICATE_METHOD_MATCH = YES;
				CODE_SIGN_IDENTITY = "iPhone Developer: fn7+1@students.uwf.edu (3P25NLY386)";
				"CODE_SIGN_IDENTITY[sdk=iphoneos*]" = "iPhone Developer";
				COPY_PHASE_STRIP = NO;
				DEBUG_INFORMATION_FORMAT = "dwarf-with-dsym";
				ENABLE_NS_ASSERTIONS = NO;
				ENABLE_STRICT_OBJC_MSGSEND = YES;
				GCC_C_LANGUAGE_STANDARD = gnu99;
				GCC_NO_COMMON_BLOCKS = YES;
				GCC_WARN_64_TO_32_BIT_CONVERSION = YES;
				GCC_WARN_ABOUT_RETURN_TYPE = YES_ERROR;
				GCC_WARN_UNDECLARED_SELECTOR = YES;
				GCC_WARN_UNINITIALIZED_AUTOS = YES_AGGRESSIVE;
				GCC_WARN_UNUSED_FUNCTION = YES;
				GCC_WARN_UNUSED_VARIABLE = YES;
				IPHONEOS_DEPLOYMENT_TARGET = 9.3;
				MTL_ENABLE_DEBUG_INFO = NO;
				SDKROOT = iphoneos;
				TARGETED_DEVICE_FAMILY = "1,2";
				VALIDATE_PRODUCT = YES;
			};
			name = Release;
		};
		FE2623CC1CAEFA940074C58F /* Debug */ = {
			isa = XCBuildConfiguration;
			baseConfigurationReference = 34F3630C96D4FC35912B1A71 /* Pods-Conference App.debug.xcconfig */;
			buildSettings = {
				ASSETCATALOG_COMPILER_APPICON_NAME = AppIcon;
				CODE_SIGN_IDENTITY = "iPhone Developer";
				"CODE_SIGN_IDENTITY[sdk=iphoneos*]" = "iPhone Developer";
				FRAMEWORK_SEARCH_PATHS = (
					"$(inherited)",
					"$(PROJECT_DIR)",
				);
				INFOPLIST_FILE = "Conference App/Info.plist";
				IPHONEOS_DEPLOYMENT_TARGET = 9.0;
				LD_RUNPATH_SEARCH_PATHS = "$(inherited) @executable_path/Frameworks";
				PRODUCT_BUNDLE_IDENTIFIER = com.djmobileinc.iTenWiredSummit;
				PRODUCT_NAME = "$(TARGET_NAME)";
				PROVISIONING_PROFILE = "";
				SWIFT_OBJC_BRIDGING_HEADER = "Conference App-Bridging-Header.h";
			};
			name = Debug;
		};
		FE2623CD1CAEFA940074C58F /* Release */ = {
			isa = XCBuildConfiguration;
			baseConfigurationReference = 63AAC6D6F1D6B88DA677F496 /* Pods-Conference App.release.xcconfig */;
			buildSettings = {
				ASSETCATALOG_COMPILER_APPICON_NAME = AppIcon;
				CODE_SIGN_IDENTITY = "iPhone Developer";
				"CODE_SIGN_IDENTITY[sdk=iphoneos*]" = "iPhone Developer";
				FRAMEWORK_SEARCH_PATHS = (
					"$(inherited)",
					"$(PROJECT_DIR)",
				);
				INFOPLIST_FILE = "Conference App/Info.plist";
				IPHONEOS_DEPLOYMENT_TARGET = 9.0;
				LD_RUNPATH_SEARCH_PATHS = "$(inherited) @executable_path/Frameworks";
				PRODUCT_BUNDLE_IDENTIFIER = com.djmobileinc.iTenWiredSummit;
				PRODUCT_NAME = "$(TARGET_NAME)";
				PROVISIONING_PROFILE = "";
				SWIFT_OBJC_BRIDGING_HEADER = "Conference App-Bridging-Header.h";
			};
			name = Release;
		};
		FE2623CF1CAEFA940074C58F /* Debug */ = {
			isa = XCBuildConfiguration;
			buildSettings = {
				BUNDLE_LOADER = "$(TEST_HOST)";
				INFOPLIST_FILE = "Conference AppTests/Info.plist";
				LD_RUNPATH_SEARCH_PATHS = "$(inherited) @executable_path/Frameworks @loader_path/Frameworks";
				PRODUCT_BUNDLE_IDENTIFIER = "com.booksforthehungry.chrystechsystems.Conference-AppTests";
				PRODUCT_NAME = "$(TARGET_NAME)";
				TEST_HOST = "$(BUILT_PRODUCTS_DIR)/Conference App.app/Conference App";
			};
			name = Debug;
		};
		FE2623D01CAEFA940074C58F /* Release */ = {
			isa = XCBuildConfiguration;
			buildSettings = {
				BUNDLE_LOADER = "$(TEST_HOST)";
				INFOPLIST_FILE = "Conference AppTests/Info.plist";
				LD_RUNPATH_SEARCH_PATHS = "$(inherited) @executable_path/Frameworks @loader_path/Frameworks";
				PRODUCT_BUNDLE_IDENTIFIER = "com.booksforthehungry.chrystechsystems.Conference-AppTests";
				PRODUCT_NAME = "$(TARGET_NAME)";
				TEST_HOST = "$(BUILT_PRODUCTS_DIR)/Conference App.app/Conference App";
			};
			name = Release;
		};
		FE2623D21CAEFA940074C58F /* Debug */ = {
			isa = XCBuildConfiguration;
			buildSettings = {
				INFOPLIST_FILE = "Conference AppUITests/Info.plist";
				LD_RUNPATH_SEARCH_PATHS = "$(inherited) @executable_path/Frameworks @loader_path/Frameworks";
				PRODUCT_BUNDLE_IDENTIFIER = "com.booksforthehungry.chrystechsystems.Conference-AppUITests";
				PRODUCT_NAME = "$(TARGET_NAME)";
				TEST_TARGET_NAME = "Conference App";
			};
			name = Debug;
		};
		FE2623D31CAEFA940074C58F /* Release */ = {
			isa = XCBuildConfiguration;
			buildSettings = {
				INFOPLIST_FILE = "Conference AppUITests/Info.plist";
				LD_RUNPATH_SEARCH_PATHS = "$(inherited) @executable_path/Frameworks @loader_path/Frameworks";
				PRODUCT_BUNDLE_IDENTIFIER = "com.booksforthehungry.chrystechsystems.Conference-AppUITests";
				PRODUCT_NAME = "$(TARGET_NAME)";
				TEST_TARGET_NAME = "Conference App";
			};
			name = Release;
		};
/* End XCBuildConfiguration section */

/* Begin XCConfigurationList section */
		FE2623991CAEFA940074C58F /* Build configuration list for PBXProject "Conference App" */ = {
			isa = XCConfigurationList;
			buildConfigurations = (
				FE2623C91CAEFA940074C58F /* Debug */,
				FE2623CA1CAEFA940074C58F /* Release */,
			);
			defaultConfigurationIsVisible = 0;
			defaultConfigurationName = Release;
		};
		FE2623CB1CAEFA940074C58F /* Build configuration list for PBXNativeTarget "Conference App" */ = {
			isa = XCConfigurationList;
			buildConfigurations = (
				FE2623CC1CAEFA940074C58F /* Debug */,
				FE2623CD1CAEFA940074C58F /* Release */,
			);
			defaultConfigurationIsVisible = 0;
			defaultConfigurationName = Release;
		};
		FE2623CE1CAEFA940074C58F /* Build configuration list for PBXNativeTarget "Conference AppTests" */ = {
			isa = XCConfigurationList;
			buildConfigurations = (
				FE2623CF1CAEFA940074C58F /* Debug */,
				FE2623D01CAEFA940074C58F /* Release */,
			);
			defaultConfigurationIsVisible = 0;
			defaultConfigurationName = Release;
		};
		FE2623D11CAEFA940074C58F /* Build configuration list for PBXNativeTarget "Conference AppUITests" */ = {
			isa = XCConfigurationList;
			buildConfigurations = (
				FE2623D21CAEFA940074C58F /* Debug */,
				FE2623D31CAEFA940074C58F /* Release */,
			);
			defaultConfigurationIsVisible = 0;
			defaultConfigurationName = Release;
		};
/* End XCConfigurationList section */

/* Begin XCVersionGroup section */
		FE2623A31CAEFA940074C58F /* Conference_App.xcdatamodeld */ = {
			isa = XCVersionGroup;
			children = (
				FE2623A41CAEFA940074C58F /* Conference_App.xcdatamodel */,
			);
			currentVersion = FE2623A41CAEFA940074C58F /* Conference_App.xcdatamodel */;
			path = Conference_App.xcdatamodeld;
			sourceTree = "<group>";
			versionGroupType = wrapper.xcdatamodel;
		};
/* End XCVersionGroup section */
	};
	rootObject = FE2623961CAEFA940074C58F /* Project object */;
}
